// !$*UTF8*$!
{
	archiveVersion = 1;
	classes = {
	};
	objectVersion = 46;
	objects = {

/* Begin PBXBuildFile section */
		D1A3670A1658DA8F000F7C6A /* ccnd.c in Sources */ = {isa = PBXBuildFile; fileRef = D1A365A11658DA8F000F7C6A /* ccnd.c */; };
		D1A3670B1658DA8F000F7C6A /* ccnd_internal_client.c in Sources */ = {isa = PBXBuildFile; fileRef = D1A365A41658DA8F000F7C6A /* ccnd_internal_client.c */; };
		D1A3670C1658DA8F000F7C6A /* ccnd_main.c in Sources */ = {isa = PBXBuildFile; fileRef = D1A365A51658DA8F000F7C6A /* ccnd_main.c */; };
		D1A3670D1658DA8F000F7C6A /* ccnd_msg.c in Sources */ = {isa = PBXBuildFile; fileRef = D1A365A61658DA8F000F7C6A /* ccnd_msg.c */; };
		D1A3670E1658DA8F000F7C6A /* ccnd_private.h in Headers */ = {isa = PBXBuildFile; fileRef = D1A365A71658DA8F000F7C6A /* ccnd_private.h */; };
		D1A3670F1658DA8F000F7C6A /* ccnd_stats.c in Sources */ = {isa = PBXBuildFile; fileRef = D1A365A81658DA8F000F7C6A /* ccnd_stats.c */; };
		D1A367101658DA8F000F7C6A /* ccndsmoketest.c in Sources */ = {isa = PBXBuildFile; fileRef = D1A365AA1658DA8F000F7C6A /* ccndsmoketest.c */; };
		D1A367131658DA8F000F7C6A /* ccnr_dispatch.c in Sources */ = {isa = PBXBuildFile; fileRef = D1A365BA1658DA8F000F7C6A /* ccnr_dispatch.c */; };
		D1A367141658DA8F000F7C6A /* ccnr_dispatch.h in Headers */ = {isa = PBXBuildFile; fileRef = D1A365BB1658DA8F000F7C6A /* ccnr_dispatch.h */; };
		D1A367151658DA8F000F7C6A /* ccnr_forwarding.c in Sources */ = {isa = PBXBuildFile; fileRef = D1A365BC1658DA8F000F7C6A /* ccnr_forwarding.c */; };
		D1A367161658DA8F000F7C6A /* ccnr_forwarding.h in Headers */ = {isa = PBXBuildFile; fileRef = D1A365BD1658DA8F000F7C6A /* ccnr_forwarding.h */; };
		D1A367171658DA8F000F7C6A /* ccnr_init.c in Sources */ = {isa = PBXBuildFile; fileRef = D1A365BE1658DA8F000F7C6A /* ccnr_init.c */; };
		D1A367181658DA8F000F7C6A /* ccnr_init.h in Headers */ = {isa = PBXBuildFile; fileRef = D1A365BF1658DA8F000F7C6A /* ccnr_init.h */; };
		D1A367191658DA8F000F7C6A /* ccnr_internal_client.c in Sources */ = {isa = PBXBuildFile; fileRef = D1A365C01658DA8F000F7C6A /* ccnr_internal_client.c */; };
		D1A3671A1658DA8F000F7C6A /* ccnr_internal_client.h in Headers */ = {isa = PBXBuildFile; fileRef = D1A365C11658DA8F000F7C6A /* ccnr_internal_client.h */; };
		D1A3671B1658DA8F000F7C6A /* ccnr_io.c in Sources */ = {isa = PBXBuildFile; fileRef = D1A365C21658DA8F000F7C6A /* ccnr_io.c */; };
		D1A3671C1658DA8F000F7C6A /* ccnr_io.h in Headers */ = {isa = PBXBuildFile; fileRef = D1A365C31658DA8F000F7C6A /* ccnr_io.h */; };
		D1A3671D1658DA8F000F7C6A /* ccnr_link.c in Sources */ = {isa = PBXBuildFile; fileRef = D1A365C41658DA8F000F7C6A /* ccnr_link.c */; };
		D1A3671E1658DA8F000F7C6A /* ccnr_link.h in Headers */ = {isa = PBXBuildFile; fileRef = D1A365C51658DA8F000F7C6A /* ccnr_link.h */; };
		D1A3671F1658DA8F000F7C6A /* ccnr_main.c in Sources */ = {isa = PBXBuildFile; fileRef = D1A365C61658DA8F000F7C6A /* ccnr_main.c */; };
		D1A367201658DA8F000F7C6A /* ccnr_match.c in Sources */ = {isa = PBXBuildFile; fileRef = D1A365C71658DA8F000F7C6A /* ccnr_match.c */; };
		D1A367211658DA8F000F7C6A /* ccnr_match.h in Headers */ = {isa = PBXBuildFile; fileRef = D1A365C81658DA8F000F7C6A /* ccnr_match.h */; };
		D1A367221658DA8F000F7C6A /* ccnr_msg.c in Sources */ = {isa = PBXBuildFile; fileRef = D1A365C91658DA8F000F7C6A /* ccnr_msg.c */; };
		D1A367231658DA8F000F7C6A /* ccnr_msg.h in Headers */ = {isa = PBXBuildFile; fileRef = D1A365CA1658DA8F000F7C6A /* ccnr_msg.h */; };
		D1A367241658DA8F000F7C6A /* ccnr_net.c in Sources */ = {isa = PBXBuildFile; fileRef = D1A365CB1658DA8F000F7C6A /* ccnr_net.c */; };
		D1A367251658DA8F000F7C6A /* ccnr_net.h in Headers */ = {isa = PBXBuildFile; fileRef = D1A365CC1658DA8F000F7C6A /* ccnr_net.h */; };
		D1A367261658DA8F000F7C6A /* ccnr_private.h in Headers */ = {isa = PBXBuildFile; fileRef = D1A365CD1658DA8F000F7C6A /* ccnr_private.h */; };
		D1A367271658DA8F000F7C6A /* ccnr_proto.c in Sources */ = {isa = PBXBuildFile; fileRef = D1A365CE1658DA8F000F7C6A /* ccnr_proto.c */; };
		D1A367281658DA8F000F7C6A /* ccnr_proto.h in Headers */ = {isa = PBXBuildFile; fileRef = D1A365CF1658DA8F000F7C6A /* ccnr_proto.h */; };
		D1A367291658DA8F000F7C6A /* ccnr_sendq.c in Sources */ = {isa = PBXBuildFile; fileRef = D1A365D01658DA8F000F7C6A /* ccnr_sendq.c */; };
		D1A3672A1658DA8F000F7C6A /* ccnr_sendq.h in Headers */ = {isa = PBXBuildFile; fileRef = D1A365D11658DA8F000F7C6A /* ccnr_sendq.h */; };
		D1A3672B1658DA8F000F7C6A /* ccnr_stats.c in Sources */ = {isa = PBXBuildFile; fileRef = D1A365D21658DA8F000F7C6A /* ccnr_stats.c */; };
		D1A3672C1658DA8F000F7C6A /* ccnr_stats.h in Headers */ = {isa = PBXBuildFile; fileRef = D1A365D31658DA8F000F7C6A /* ccnr_stats.h */; };
		D1A3672D1658DA8F000F7C6A /* ccnr_store.c in Sources */ = {isa = PBXBuildFile; fileRef = D1A365D41658DA8F000F7C6A /* ccnr_store.c */; };
		D1A3672E1658DA8F000F7C6A /* ccnr_store.h in Headers */ = {isa = PBXBuildFile; fileRef = D1A365D51658DA8F000F7C6A /* ccnr_store.h */; };
		D1A3672F1658DA8F000F7C6A /* ccnr_sync.c in Sources */ = {isa = PBXBuildFile; fileRef = D1A365D61658DA8F000F7C6A /* ccnr_sync.c */; };
		D1A367301658DA8F000F7C6A /* ccnr_sync.h in Headers */ = {isa = PBXBuildFile; fileRef = D1A365D71658DA8F000F7C6A /* ccnr_sync.h */; };
		D1A367311658DA8F000F7C6A /* ccnr_util.c in Sources */ = {isa = PBXBuildFile; fileRef = D1A365D81658DA8F000F7C6A /* ccnr_util.c */; };
		D1A367321658DA8F000F7C6A /* ccnr_util.h in Headers */ = {isa = PBXBuildFile; fileRef = D1A365D91658DA8F000F7C6A /* ccnr_util.h */; };
		D1A367341658DA8F000F7C6A /* ccn_ccnbtoxml.c in Sources */ = {isa = PBXBuildFile; fileRef = D1A365DE1658DA8F000F7C6A /* ccn_ccnbtoxml.c */; };
		D1A367351658DA8F000F7C6A /* ccn_fetch_test.c in Sources */ = {isa = PBXBuildFile; fileRef = D1A365DF1658DA8F000F7C6A /* ccn_fetch_test.c */; };
		D1A367361658DA8F000F7C6A /* ccn_splitccnb.c in Sources */ = {isa = PBXBuildFile; fileRef = D1A365E01658DA8F000F7C6A /* ccn_splitccnb.c */; };
		D1A367371658DA8F000F7C6A /* ccn_xmltoccnb.c in Sources */ = {isa = PBXBuildFile; fileRef = D1A365E11658DA8F000F7C6A /* ccn_xmltoccnb.c */; };
		D1A367381658DA8F000F7C6A /* ccnbasicconfig.c in Sources */ = {isa = PBXBuildFile; fileRef = D1A365E21658DA8F000F7C6A /* ccnbasicconfig.c */; };
		D1A367391658DA8F000F7C6A /* ccnbuzz.c in Sources */ = {isa = PBXBuildFile; fileRef = D1A365E31658DA8F000F7C6A /* ccnbuzz.c */; };
		D1A3673A1658DA8F000F7C6A /* ccnbx.c in Sources */ = {isa = PBXBuildFile; fileRef = D1A365E41658DA8F000F7C6A /* ccnbx.c */; };
		D1A3673B1658DA8F000F7C6A /* ccnc.c in Sources */ = {isa = PBXBuildFile; fileRef = D1A365E51658DA8F000F7C6A /* ccnc.c */; };
		D1A3673C1658DA8F000F7C6A /* ccncat.c in Sources */ = {isa = PBXBuildFile; fileRef = D1A365E61658DA8F000F7C6A /* ccncat.c */; };
		D1A3673D1658DA8F000F7C6A /* ccncatchunks.c in Sources */ = {isa = PBXBuildFile; fileRef = D1A365E71658DA8F000F7C6A /* ccncatchunks.c */; };
		D1A3673E1658DA8F000F7C6A /* ccncatchunks2.c in Sources */ = {isa = PBXBuildFile; fileRef = D1A365E81658DA8F000F7C6A /* ccncatchunks2.c */; };
		D1A3673F1658DA8F000F7C6A /* ccndumpnames.c in Sources */ = {isa = PBXBuildFile; fileRef = D1A365E91658DA8F000F7C6A /* ccndumpnames.c */; };
		D1A367401658DA8F000F7C6A /* ccndumppcap.c in Sources */ = {isa = PBXBuildFile; fileRef = D1A365EA1658DA8F000F7C6A /* ccndumppcap.c */; };
		D1A367411658DA8F000F7C6A /* ccnfilewatch.c in Sources */ = {isa = PBXBuildFile; fileRef = D1A365EB1658DA8F000F7C6A /* ccnfilewatch.c */; };
		D1A367421658DA8F000F7C6A /* ccnhexdumpdata.c in Sources */ = {isa = PBXBuildFile; fileRef = D1A365EC1658DA8F000F7C6A /* ccnhexdumpdata.c */; };
		D1A367431658DA8F000F7C6A /* ccninitkeystore.c in Sources */ = {isa = PBXBuildFile; fileRef = D1A365ED1658DA8F000F7C6A /* ccninitkeystore.c */; };
		D1A367441658DA8F000F7C6A /* ccnlibtest.c in Sources */ = {isa = PBXBuildFile; fileRef = D1A365EE1658DA8F000F7C6A /* ccnlibtest.c */; };
		D1A367451658DA8F000F7C6A /* ccnls.c in Sources */ = {isa = PBXBuildFile; fileRef = D1A365EF1658DA8F000F7C6A /* ccnls.c */; };
		D1A367461658DA8F000F7C6A /* ccnnamelist.c in Sources */ = {isa = PBXBuildFile; fileRef = D1A365F01658DA8F000F7C6A /* ccnnamelist.c */; };
		D1A367471658DA8F000F7C6A /* ccnpeek.c in Sources */ = {isa = PBXBuildFile; fileRef = D1A365F11658DA8F000F7C6A /* ccnpeek.c */; };
		D1A367481658DA8F000F7C6A /* ccnpoke.c in Sources */ = {isa = PBXBuildFile; fileRef = D1A365F21658DA8F000F7C6A /* ccnpoke.c */; };
		D1A367491658DA8F000F7C6A /* ccnrm.c in Sources */ = {isa = PBXBuildFile; fileRef = D1A365F31658DA8F000F7C6A /* ccnrm.c */; };
		D1A3674A1658DA8F000F7C6A /* ccnsendchunks.c in Sources */ = {isa = PBXBuildFile; fileRef = D1A365F41658DA8F000F7C6A /* ccnsendchunks.c */; };
		D1A3674B1658DA8F000F7C6A /* ccnseqwriter.c in Sources */ = {isa = PBXBuildFile; fileRef = D1A365F51658DA8F000F7C6A /* ccnseqwriter.c */; };
		D1A3674C1658DA8F000F7C6A /* ccnsimplecat.c in Sources */ = {isa = PBXBuildFile; fileRef = D1A365F61658DA8F000F7C6A /* ccnsimplecat.c */; };
		D1A3674D1658DA8F000F7C6A /* ccnslurp.c in Sources */ = {isa = PBXBuildFile; fileRef = D1A365F71658DA8F000F7C6A /* ccnslurp.c */; };
		D1A3674E1658DA8F000F7C6A /* ccnsnew.c in Sources */ = {isa = PBXBuildFile; fileRef = D1A365F81658DA8F000F7C6A /* ccnsnew.c */; };
		D1A3674F1658DA8F000F7C6A /* ccnsyncslice.c in Sources */ = {isa = PBXBuildFile; fileRef = D1A365F91658DA8F000F7C6A /* ccnsyncslice.c */; };
		D1A367501658DA8F000F7C6A /* ccnsyncwatch.c in Sources */ = {isa = PBXBuildFile; fileRef = D1A365FA1658DA8F000F7C6A /* ccnsyncwatch.c */; };
		D1A367511658DA8F000F7C6A /* ccntimefromdatetime.c in Sources */ = {isa = PBXBuildFile; fileRef = D1A365FB1658DA8F000F7C6A /* ccntimefromdatetime.c */; };
		D1A367521658DA8F000F7C6A /* dataresponsetest.c in Sources */ = {isa = PBXBuildFile; fileRef = D1A365FC1658DA8F000F7C6A /* dataresponsetest.c */; };
		D1A367551658DA8F000F7C6A /* bloom.h in Headers */ = {isa = PBXBuildFile; fileRef = D1A366411658DA8F000F7C6A /* bloom.h */; };
		D1A367561658DA8F000F7C6A /* btree.h in Headers */ = {isa = PBXBuildFile; fileRef = D1A366421658DA8F000F7C6A /* btree.h */; };
		D1A367571658DA8F000F7C6A /* btree_content.h in Headers */ = {isa = PBXBuildFile; fileRef = D1A366431658DA8F000F7C6A /* btree_content.h */; };
		D1A367581658DA8F000F7C6A /* ccn.h in Headers */ = {isa = PBXBuildFile; fileRef = D1A366441658DA8F000F7C6A /* ccn.h */; };
		D1A367591658DA8F000F7C6A /* ccn_private.h in Headers */ = {isa = PBXBuildFile; fileRef = D1A366451658DA8F000F7C6A /* ccn_private.h */; };
		D1A3675A1658DA8F000F7C6A /* ccnd.h in Headers */ = {isa = PBXBuildFile; fileRef = D1A366461658DA8F000F7C6A /* ccnd.h */; };
		D1A3675B1658DA8F000F7C6A /* charbuf.h in Headers */ = {isa = PBXBuildFile; fileRef = D1A366471658DA8F000F7C6A /* charbuf.h */; };
		D1A3675C1658DA8F000F7C6A /* coding.h in Headers */ = {isa = PBXBuildFile; fileRef = D1A366481658DA8F000F7C6A /* coding.h */; };
		D1A3675D1658DA8F000F7C6A /* digest.h in Headers */ = {isa = PBXBuildFile; fileRef = D1A366491658DA8F000F7C6A /* digest.h */; };
		D1A3675E1658DA8F000F7C6A /* extend_dict.h in Headers */ = {isa = PBXBuildFile; fileRef = D1A3664A1658DA8F000F7C6A /* extend_dict.h */; };
		D1A3675F1658DA8F000F7C6A /* face_mgmt.h in Headers */ = {isa = PBXBuildFile; fileRef = D1A3664B1658DA8F000F7C6A /* face_mgmt.h */; };
		D1A367601658DA8F000F7C6A /* fetch.h in Headers */ = {isa = PBXBuildFile; fileRef = D1A3664C1658DA8F000F7C6A /* fetch.h */; };
		D1A367611658DA8F000F7C6A /* hashtb.h in Headers */ = {isa = PBXBuildFile; fileRef = D1A3664D1658DA8F000F7C6A /* hashtb.h */; };
		D1A367621658DA8F000F7C6A /* header.h in Headers */ = {isa = PBXBuildFile; fileRef = D1A3664E1658DA8F000F7C6A /* header.h */; };
		D1A367631658DA8F000F7C6A /* indexbuf.h in Headers */ = {isa = PBXBuildFile; fileRef = D1A3664F1658DA8F000F7C6A /* indexbuf.h */; };
		D1A367641658DA8F000F7C6A /* keystore.h in Headers */ = {isa = PBXBuildFile; fileRef = D1A366501658DA8F000F7C6A /* keystore.h */; };
		D1A367651658DA8F000F7C6A /* lned.h in Headers */ = {isa = PBXBuildFile; fileRef = D1A366511658DA8F000F7C6A /* lned.h */; };
		D1A367661658DA8F000F7C6A /* loglevels.h in Headers */ = {isa = PBXBuildFile; fileRef = D1A366521658DA8F000F7C6A /* loglevels.h */; };
		D1A367671658DA8F000F7C6A /* matrix.h in Headers */ = {isa = PBXBuildFile; fileRef = D1A366531658DA8F000F7C6A /* matrix.h */; };
		D1A367681658DA8F000F7C6A /* merklepathasn1.h in Headers */ = {isa = PBXBuildFile; fileRef = D1A366541658DA8F000F7C6A /* merklepathasn1.h */; };
		D1A367691658DA8F000F7C6A /* random.h in Headers */ = {isa = PBXBuildFile; fileRef = D1A366551658DA8F000F7C6A /* random.h */; };
		D1A3676A1658DA8F000F7C6A /* reg_mgmt.h in Headers */ = {isa = PBXBuildFile; fileRef = D1A366561658DA8F000F7C6A /* reg_mgmt.h */; };
		D1A3676B1658DA8F000F7C6A /* schedule.h in Headers */ = {isa = PBXBuildFile; fileRef = D1A366571658DA8F000F7C6A /* schedule.h */; };
		D1A3676C1658DA8F000F7C6A /* seqwriter.h in Headers */ = {isa = PBXBuildFile; fileRef = D1A366581658DA8F000F7C6A /* seqwriter.h */; };
		D1A3676D1658DA8F000F7C6A /* signing.h in Headers */ = {isa = PBXBuildFile; fileRef = D1A366591658DA8F000F7C6A /* signing.h */; };
		D1A3676E1658DA8F000F7C6A /* sockaddrutil.h in Headers */ = {isa = PBXBuildFile; fileRef = D1A3665A1658DA8F000F7C6A /* sockaddrutil.h */; };
		D1A3676F1658DA8F000F7C6A /* sockcreate.h in Headers */ = {isa = PBXBuildFile; fileRef = D1A3665B1658DA8F000F7C6A /* sockcreate.h */; };
		D1A367701658DA8F000F7C6A /* sync.h in Headers */ = {isa = PBXBuildFile; fileRef = D1A3665C1658DA8F000F7C6A /* sync.h */; };
		D1A367711658DA8F000F7C6A /* uri.h in Headers */ = {isa = PBXBuildFile; fileRef = D1A3665D1658DA8F000F7C6A /* uri.h */; };
		D1A367721658DA8F000F7C6A /* basicparsetest.c in Sources */ = {isa = PBXBuildFile; fileRef = D1A366611658DA8F000F7C6A /* basicparsetest.c */; };
		D1A367731658DA8F000F7C6A /* ccn_bloom.c in Sources */ = {isa = PBXBuildFile; fileRef = D1A366621658DA8F000F7C6A /* ccn_bloom.c */; };
		D1A367741658DA8F000F7C6A /* ccn_btree.c in Sources */ = {isa = PBXBuildFile; fileRef = D1A366631658DA8F000F7C6A /* ccn_btree.c */; };
		D1A367751658DA8F000F7C6A /* ccn_btree_content.c in Sources */ = {isa = PBXBuildFile; fileRef = D1A366641658DA8F000F7C6A /* ccn_btree_content.c */; };
		D1A367761658DA8F000F7C6A /* ccn_btree_store.c in Sources */ = {isa = PBXBuildFile; fileRef = D1A366651658DA8F000F7C6A /* ccn_btree_store.c */; };
		D1A367771658DA8F000F7C6A /* ccn_buf_decoder.c in Sources */ = {isa = PBXBuildFile; fileRef = D1A366661658DA8F000F7C6A /* ccn_buf_decoder.c */; };
		D1A367781658DA8F000F7C6A /* ccn_buf_encoder.c in Sources */ = {isa = PBXBuildFile; fileRef = D1A366671658DA8F000F7C6A /* ccn_buf_encoder.c */; };
		D1A367791658DA8F000F7C6A /* ccn_bulkdata.c in Sources */ = {isa = PBXBuildFile; fileRef = D1A366681658DA8F000F7C6A /* ccn_bulkdata.c */; };
		D1A3677A1658DA8F000F7C6A /* ccn_charbuf.c in Sources */ = {isa = PBXBuildFile; fileRef = D1A366691658DA8F000F7C6A /* ccn_charbuf.c */; };
		D1A3677B1658DA8F000F7C6A /* ccn_client.c in Sources */ = {isa = PBXBuildFile; fileRef = D1A3666A1658DA8F000F7C6A /* ccn_client.c */; };
		D1A3677C1658DA8F000F7C6A /* ccn_coding.c in Sources */ = {isa = PBXBuildFile; fileRef = D1A3666B1658DA8F000F7C6A /* ccn_coding.c */; };
		D1A3677D1658DA8F000F7C6A /* ccn_digest.c in Sources */ = {isa = PBXBuildFile; fileRef = D1A3666C1658DA8F000F7C6A /* ccn_digest.c */; };
		D1A3677E1658DA8F000F7C6A /* ccn_dtag_table.c in Sources */ = {isa = PBXBuildFile; fileRef = D1A3666D1658DA8F000F7C6A /* ccn_dtag_table.c */; };
		D1A3677F1658DA8F000F7C6A /* ccn_extend_dict.c in Sources */ = {isa = PBXBuildFile; fileRef = D1A3666E1658DA8F000F7C6A /* ccn_extend_dict.c */; };
		D1A367801658DA8F000F7C6A /* ccn_face_mgmt.c in Sources */ = {isa = PBXBuildFile; fileRef = D1A3666F1658DA8F000F7C6A /* ccn_face_mgmt.c */; };
		D1A367811658DA8F000F7C6A /* ccn_fetch.c in Sources */ = {isa = PBXBuildFile; fileRef = D1A366701658DA8F000F7C6A /* ccn_fetch.c */; };
		D1A367821658DA8F000F7C6A /* ccn_header.c in Sources */ = {isa = PBXBuildFile; fileRef = D1A366711658DA8F000F7C6A /* ccn_header.c */; };
		D1A367831658DA8F000F7C6A /* ccn_indexbuf.c in Sources */ = {isa = PBXBuildFile; fileRef = D1A366721658DA8F000F7C6A /* ccn_indexbuf.c */; };
		D1A367841658DA8F000F7C6A /* ccn_interest.c in Sources */ = {isa = PBXBuildFile; fileRef = D1A366741658DA8F000F7C6A /* ccn_interest.c */; };
		D1A367851658DA8F000F7C6A /* ccn_keystore.c in Sources */ = {isa = PBXBuildFile; fileRef = D1A366751658DA8F000F7C6A /* ccn_keystore.c */; };
		D1A367861658DA8F000F7C6A /* ccn_match.c in Sources */ = {isa = PBXBuildFile; fileRef = D1A366761658DA8F000F7C6A /* ccn_match.c */; };
		D1A367871658DA8F000F7C6A /* ccn_merkle_path_asn1.c in Sources */ = {isa = PBXBuildFile; fileRef = D1A366771658DA8F000F7C6A /* ccn_merkle_path_asn1.c */; };
		D1A367881658DA8F000F7C6A /* ccn_name_util.c in Sources */ = {isa = PBXBuildFile; fileRef = D1A366781658DA8F000F7C6A /* ccn_name_util.c */; };
		D1A367891658DA8F000F7C6A /* ccn_reg_mgmt.c in Sources */ = {isa = PBXBuildFile; fileRef = D1A366791658DA8F000F7C6A /* ccn_reg_mgmt.c */; };
		D1A3678A1658DA8F000F7C6A /* ccn_schedule.c in Sources */ = {isa = PBXBuildFile; fileRef = D1A3667A1658DA8F000F7C6A /* ccn_schedule.c */; };
		D1A3678B1658DA8F000F7C6A /* ccn_seqwriter.c in Sources */ = {isa = PBXBuildFile; fileRef = D1A3667B1658DA8F000F7C6A /* ccn_seqwriter.c */; };
		D1A3678C1658DA8F000F7C6A /* ccn_setup_sockaddr_un.c in Sources */ = {isa = PBXBuildFile; fileRef = D1A3667C1658DA8F000F7C6A /* ccn_setup_sockaddr_un.c */; };
		D1A3678D1658DA8F000F7C6A /* ccn_signing.c in Sources */ = {isa = PBXBuildFile; fileRef = D1A3667D1658DA8F000F7C6A /* ccn_signing.c */; };
		D1A3678E1658DA8F000F7C6A /* ccn_sockaddrutil.c in Sources */ = {isa = PBXBuildFile; fileRef = D1A3667E1658DA8F000F7C6A /* ccn_sockaddrutil.c */; };
		D1A3678F1658DA8F000F7C6A /* ccn_sockcreate.c in Sources */ = {isa = PBXBuildFile; fileRef = D1A3667F1658DA8F000F7C6A /* ccn_sockcreate.c */; };
		D1A367901658DA8F000F7C6A /* ccn_traverse.c in Sources */ = {isa = PBXBuildFile; fileRef = D1A366801658DA8F000F7C6A /* ccn_traverse.c */; };
		D1A367911658DA8F000F7C6A /* ccn_uri.c in Sources */ = {isa = PBXBuildFile; fileRef = D1A366811658DA8F000F7C6A /* ccn_uri.c */; };
		D1A367921658DA8F000F7C6A /* ccn_verifysig.c in Sources */ = {isa = PBXBuildFile; fileRef = D1A366821658DA8F000F7C6A /* ccn_verifysig.c */; };
		D1A367931658DA8F000F7C6A /* ccn_versioning.c in Sources */ = {isa = PBXBuildFile; fileRef = D1A366831658DA8F000F7C6A /* ccn_versioning.c */; };
		D1A367941658DA8F000F7C6A /* ccnbtreetest.c in Sources */ = {isa = PBXBuildFile; fileRef = D1A366841658DA8F000F7C6A /* ccnbtreetest.c */; };
		D1A367951658DA8F000F7C6A /* encodedecodetest.c in Sources */ = {isa = PBXBuildFile; fileRef = D1A366861658DA8F000F7C6A /* encodedecodetest.c */; };
		D1A367961658DA8F000F7C6A /* hashtb.c in Sources */ = {isa = PBXBuildFile; fileRef = D1A366891658DA8F000F7C6A /* hashtb.c */; };
		D1A367971658DA8F000F7C6A /* hashtbtest.c in Sources */ = {isa = PBXBuildFile; fileRef = D1A3668A1658DA8F000F7C6A /* hashtbtest.c */; };
		D1A367981658DA8F000F7C6A /* lned.c in Sources */ = {isa = PBXBuildFile; fileRef = D1A3668B1658DA8F000F7C6A /* lned.c */; };
		D1A3679A1658DA8F000F7C6A /* signbenchtest.c in Sources */ = {isa = PBXBuildFile; fileRef = D1A3668F1658DA8F000F7C6A /* signbenchtest.c */; };
		D1A3679B1658DA8F000F7C6A /* skel_decode_test.c in Sources */ = {isa = PBXBuildFile; fileRef = D1A366901658DA8F000F7C6A /* skel_decode_test.c */; };
		D1A3679C1658DA8F000F7C6A /* ccndc-log.c in Sources */ = {isa = PBXBuildFile; fileRef = D1A366951658DA8F000F7C6A /* ccndc-log.c */; };
		D1A3679D1658DA8F000F7C6A /* ccndc-log.h in Headers */ = {isa = PBXBuildFile; fileRef = D1A366961658DA8F000F7C6A /* ccndc-log.h */; };
		D1A3679E1658DA8F000F7C6A /* ccndc-main.c in Sources */ = {isa = PBXBuildFile; fileRef = D1A366971658DA8F000F7C6A /* ccndc-main.c */; };
		D1A3679F1658DA8F000F7C6A /* ccndc-srv.c in Sources */ = {isa = PBXBuildFile; fileRef = D1A366981658DA8F000F7C6A /* ccndc-srv.c */; };
		D1A367A01658DA8F000F7C6A /* ccndc-srv.h in Headers */ = {isa = PBXBuildFile; fileRef = D1A366991658DA8F000F7C6A /* ccndc-srv.h */; };
		D1A367A11658DA8F000F7C6A /* ccndc.c in Sources */ = {isa = PBXBuildFile; fileRef = D1A3669A1658DA8F000F7C6A /* ccndc.c */; };
		D1A367A21658DA8F000F7C6A /* ccndc.h in Headers */ = {isa = PBXBuildFile; fileRef = D1A3669B1658DA8F000F7C6A /* ccndc.h */; };
		D1A367A41658DA8F000F7C6A /* udplink.c in Sources */ = {isa = PBXBuildFile; fileRef = D1A3669E1658DA8F000F7C6A /* udplink.c */; };
		D1A367A61658DA8F000F7C6A /* IndexSorter.c in Sources */ = {isa = PBXBuildFile; fileRef = D1A366B11658DA8F000F7C6A /* IndexSorter.c */; };
		D1A367A71658DA8F000F7C6A /* IndexSorter.h in Headers */ = {isa = PBXBuildFile; fileRef = D1A366B21658DA8F000F7C6A /* IndexSorter.h */; };
		D1A367A91658DA8F000F7C6A /* sync_api.c in Sources */ = {isa = PBXBuildFile; fileRef = D1A366B81658DA8F000F7C6A /* sync_api.c */; };
		D1A367AA1658DA8F000F7C6A /* sync_diff.c in Sources */ = {isa = PBXBuildFile; fileRef = D1A366B91658DA8F000F7C6A /* sync_diff.c */; };
		D1A367AB1658DA8F000F7C6A /* sync_diff.h in Headers */ = {isa = PBXBuildFile; fileRef = D1A366BA1658DA8F000F7C6A /* sync_diff.h */; };
		D1A367AC1658DA8F000F7C6A /* sync_plumbing.h in Headers */ = {isa = PBXBuildFile; fileRef = D1A366BB1658DA8F000F7C6A /* sync_plumbing.h */; };
		D1A367AD1658DA8F000F7C6A /* SyncActions.c in Sources */ = {isa = PBXBuildFile; fileRef = D1A366BC1658DA8F000F7C6A /* SyncActions.c */; };
		D1A367AE1658DA8F000F7C6A /* SyncActions.h in Headers */ = {isa = PBXBuildFile; fileRef = D1A366BD1658DA8F000F7C6A /* SyncActions.h */; };
		D1A367AF1658DA8F000F7C6A /* SyncBase.c in Sources */ = {isa = PBXBuildFile; fileRef = D1A366BE1658DA8F000F7C6A /* SyncBase.c */; };
		D1A367B01658DA8F000F7C6A /* SyncBase.h in Headers */ = {isa = PBXBuildFile; fileRef = D1A366BF1658DA8F000F7C6A /* SyncBase.h */; };
		D1A367B11658DA8F000F7C6A /* SyncHashCache.c in Sources */ = {isa = PBXBuildFile; fileRef = D1A366C01658DA8F000F7C6A /* SyncHashCache.c */; };
		D1A367B21658DA8F000F7C6A /* SyncHashCache.h in Headers */ = {isa = PBXBuildFile; fileRef = D1A366C11658DA8F000F7C6A /* SyncHashCache.h */; };
		D1A367B31658DA8F000F7C6A /* SyncMacros.h in Headers */ = {isa = PBXBuildFile; fileRef = D1A366C21658DA8F000F7C6A /* SyncMacros.h */; };
		D1A367B41658DA8F000F7C6A /* SyncNode.c in Sources */ = {isa = PBXBuildFile; fileRef = D1A366C31658DA8F000F7C6A /* SyncNode.c */; };
		D1A367B51658DA8F000F7C6A /* SyncNode.h in Headers */ = {isa = PBXBuildFile; fileRef = D1A366C41658DA8F000F7C6A /* SyncNode.h */; };
		D1A367B61658DA8F000F7C6A /* SyncPrivate.h in Headers */ = {isa = PBXBuildFile; fileRef = D1A366C51658DA8F000F7C6A /* SyncPrivate.h */; };
		D1A367B71658DA8F000F7C6A /* SyncRoot.c in Sources */ = {isa = PBXBuildFile; fileRef = D1A366C61658DA8F000F7C6A /* SyncRoot.c */; };
		D1A367B81658DA8F000F7C6A /* SyncRoot.h in Headers */ = {isa = PBXBuildFile; fileRef = D1A366C71658DA8F000F7C6A /* SyncRoot.h */; };
		D1A367B91658DA8F000F7C6A /* SyncTest.c in Sources */ = {isa = PBXBuildFile; fileRef = D1A366C81658DA8F000F7C6A /* SyncTest.c */; };
		D1A367BA1658DA8F000F7C6A /* SyncTreeWorker.c in Sources */ = {isa = PBXBuildFile; fileRef = D1A366C91658DA8F000F7C6A /* SyncTreeWorker.c */; };
		D1A367BB1658DA8F000F7C6A /* SyncTreeWorker.h in Headers */ = {isa = PBXBuildFile; fileRef = D1A366CA1658DA8F000F7C6A /* SyncTreeWorker.h */; };
		D1A367BC1658DA8F000F7C6A /* SyncUtil.c in Sources */ = {isa = PBXBuildFile; fileRef = D1A366CB1658DA8F000F7C6A /* SyncUtil.c */; };
		D1A367BD1658DA8F000F7C6A /* SyncUtil.h in Headers */ = {isa = PBXBuildFile; fileRef = D1A366CC1658DA8F000F7C6A /* SyncUtil.h */; };
/* End PBXBuildFile section */

/* Begin PBXFileReference section */
		D19726BD15CA659D003F6BEE /* libCCN.a */ = {isa = PBXFileReference; explicitFileType = archive.ar; includeInIndex = 0; path = libCCN.a; sourceTree = BUILT_PRODUCTS_DIR; };
		D1A3659A1658DA8F000F7C6A /* .gitignore */ = {isa = PBXFileReference; fileEncoding = 4; lastKnownFileType = text; path = .gitignore; sourceTree = "<group>"; };
		D1A365A11658DA8F000F7C6A /* ccnd.c */ = {isa = PBXFileReference; fileEncoding = 4; lastKnownFileType = sourcecode.c.c; path = ccnd.c; sourceTree = "<group>"; };
		D1A365A41658DA8F000F7C6A /* ccnd_internal_client.c */ = {isa = PBXFileReference; fileEncoding = 4; lastKnownFileType = sourcecode.c.c; path = ccnd_internal_client.c; sourceTree = "<group>"; };
		D1A365A51658DA8F000F7C6A /* ccnd_main.c */ = {isa = PBXFileReference; fileEncoding = 4; lastKnownFileType = sourcecode.c.c; path = ccnd_main.c; sourceTree = "<group>"; };
		D1A365A61658DA8F000F7C6A /* ccnd_msg.c */ = {isa = PBXFileReference; fileEncoding = 4; lastKnownFileType = sourcecode.c.c; path = ccnd_msg.c; sourceTree = "<group>"; };
		D1A365A71658DA8F000F7C6A /* ccnd_private.h */ = {isa = PBXFileReference; fileEncoding = 4; lastKnownFileType = sourcecode.c.h; path = ccnd_private.h; sourceTree = "<group>"; };
		D1A365A81658DA8F000F7C6A /* ccnd_stats.c */ = {isa = PBXFileReference; fileEncoding = 4; lastKnownFileType = sourcecode.c.c; path = ccnd_stats.c; sourceTree = "<group>"; };
		D1A365AA1658DA8F000F7C6A /* ccndsmoketest.c */ = {isa = PBXFileReference; fileEncoding = 4; lastKnownFileType = sourcecode.c.c; path = ccndsmoketest.c; sourceTree = "<group>"; };
		D1A365B71658DA8F000F7C6A /* .gitignore */ = {isa = PBXFileReference; fileEncoding = 4; lastKnownFileType = text; path = .gitignore; sourceTree = "<group>"; };
		D1A365BA1658DA8F000F7C6A /* ccnr_dispatch.c */ = {isa = PBXFileReference; fileEncoding = 4; lastKnownFileType = sourcecode.c.c; path = ccnr_dispatch.c; sourceTree = "<group>"; };
		D1A365BB1658DA8F000F7C6A /* ccnr_dispatch.h */ = {isa = PBXFileReference; fileEncoding = 4; lastKnownFileType = sourcecode.c.h; path = ccnr_dispatch.h; sourceTree = "<group>"; };
		D1A365BC1658DA8F000F7C6A /* ccnr_forwarding.c */ = {isa = PBXFileReference; fileEncoding = 4; lastKnownFileType = sourcecode.c.c; path = ccnr_forwarding.c; sourceTree = "<group>"; };
		D1A365BD1658DA8F000F7C6A /* ccnr_forwarding.h */ = {isa = PBXFileReference; fileEncoding = 4; lastKnownFileType = sourcecode.c.h; path = ccnr_forwarding.h; sourceTree = "<group>"; };
		D1A365BE1658DA8F000F7C6A /* ccnr_init.c */ = {isa = PBXFileReference; fileEncoding = 4; lastKnownFileType = sourcecode.c.c; path = ccnr_init.c; sourceTree = "<group>"; };
		D1A365BF1658DA8F000F7C6A /* ccnr_init.h */ = {isa = PBXFileReference; fileEncoding = 4; lastKnownFileType = sourcecode.c.h; path = ccnr_init.h; sourceTree = "<group>"; };
		D1A365C01658DA8F000F7C6A /* ccnr_internal_client.c */ = {isa = PBXFileReference; fileEncoding = 4; lastKnownFileType = sourcecode.c.c; path = ccnr_internal_client.c; sourceTree = "<group>"; };
		D1A365C11658DA8F000F7C6A /* ccnr_internal_client.h */ = {isa = PBXFileReference; fileEncoding = 4; lastKnownFileType = sourcecode.c.h; path = ccnr_internal_client.h; sourceTree = "<group>"; };
		D1A365C21658DA8F000F7C6A /* ccnr_io.c */ = {isa = PBXFileReference; fileEncoding = 4; lastKnownFileType = sourcecode.c.c; path = ccnr_io.c; sourceTree = "<group>"; };
		D1A365C31658DA8F000F7C6A /* ccnr_io.h */ = {isa = PBXFileReference; fileEncoding = 4; lastKnownFileType = sourcecode.c.h; path = ccnr_io.h; sourceTree = "<group>"; };
		D1A365C41658DA8F000F7C6A /* ccnr_link.c */ = {isa = PBXFileReference; fileEncoding = 4; lastKnownFileType = sourcecode.c.c; path = ccnr_link.c; sourceTree = "<group>"; };
		D1A365C51658DA8F000F7C6A /* ccnr_link.h */ = {isa = PBXFileReference; fileEncoding = 4; lastKnownFileType = sourcecode.c.h; path = ccnr_link.h; sourceTree = "<group>"; };
		D1A365C61658DA8F000F7C6A /* ccnr_main.c */ = {isa = PBXFileReference; fileEncoding = 4; lastKnownFileType = sourcecode.c.c; path = ccnr_main.c; sourceTree = "<group>"; };
		D1A365C71658DA8F000F7C6A /* ccnr_match.c */ = {isa = PBXFileReference; fileEncoding = 4; lastKnownFileType = sourcecode.c.c; path = ccnr_match.c; sourceTree = "<group>"; };
		D1A365C81658DA8F000F7C6A /* ccnr_match.h */ = {isa = PBXFileReference; fileEncoding = 4; lastKnownFileType = sourcecode.c.h; path = ccnr_match.h; sourceTree = "<group>"; };
		D1A365C91658DA8F000F7C6A /* ccnr_msg.c */ = {isa = PBXFileReference; fileEncoding = 4; lastKnownFileType = sourcecode.c.c; path = ccnr_msg.c; sourceTree = "<group>"; };
		D1A365CA1658DA8F000F7C6A /* ccnr_msg.h */ = {isa = PBXFileReference; fileEncoding = 4; lastKnownFileType = sourcecode.c.h; path = ccnr_msg.h; sourceTree = "<group>"; };
		D1A365CB1658DA8F000F7C6A /* ccnr_net.c */ = {isa = PBXFileReference; fileEncoding = 4; lastKnownFileType = sourcecode.c.c; path = ccnr_net.c; sourceTree = "<group>"; };
		D1A365CC1658DA8F000F7C6A /* ccnr_net.h */ = {isa = PBXFileReference; fileEncoding = 4; lastKnownFileType = sourcecode.c.h; path = ccnr_net.h; sourceTree = "<group>"; };
		D1A365CD1658DA8F000F7C6A /* ccnr_private.h */ = {isa = PBXFileReference; fileEncoding = 4; lastKnownFileType = sourcecode.c.h; path = ccnr_private.h; sourceTree = "<group>"; };
		D1A365CE1658DA8F000F7C6A /* ccnr_proto.c */ = {isa = PBXFileReference; fileEncoding = 4; lastKnownFileType = sourcecode.c.c; path = ccnr_proto.c; sourceTree = "<group>"; };
		D1A365CF1658DA8F000F7C6A /* ccnr_proto.h */ = {isa = PBXFileReference; fileEncoding = 4; lastKnownFileType = sourcecode.c.h; path = ccnr_proto.h; sourceTree = "<group>"; };
		D1A365D01658DA8F000F7C6A /* ccnr_sendq.c */ = {isa = PBXFileReference; fileEncoding = 4; lastKnownFileType = sourcecode.c.c; path = ccnr_sendq.c; sourceTree = "<group>"; };
		D1A365D11658DA8F000F7C6A /* ccnr_sendq.h */ = {isa = PBXFileReference; fileEncoding = 4; lastKnownFileType = sourcecode.c.h; path = ccnr_sendq.h; sourceTree = "<group>"; };
		D1A365D21658DA8F000F7C6A /* ccnr_stats.c */ = {isa = PBXFileReference; fileEncoding = 4; lastKnownFileType = sourcecode.c.c; path = ccnr_stats.c; sourceTree = "<group>"; };
		D1A365D31658DA8F000F7C6A /* ccnr_stats.h */ = {isa = PBXFileReference; fileEncoding = 4; lastKnownFileType = sourcecode.c.h; path = ccnr_stats.h; sourceTree = "<group>"; };
		D1A365D41658DA8F000F7C6A /* ccnr_store.c */ = {isa = PBXFileReference; fileEncoding = 4; lastKnownFileType = sourcecode.c.c; path = ccnr_store.c; sourceTree = "<group>"; };
		D1A365D51658DA8F000F7C6A /* ccnr_store.h */ = {isa = PBXFileReference; fileEncoding = 4; lastKnownFileType = sourcecode.c.h; path = ccnr_store.h; sourceTree = "<group>"; };
		D1A365D61658DA8F000F7C6A /* ccnr_sync.c */ = {isa = PBXFileReference; fileEncoding = 4; lastKnownFileType = sourcecode.c.c; path = ccnr_sync.c; sourceTree = "<group>"; };
		D1A365D71658DA8F000F7C6A /* ccnr_sync.h */ = {isa = PBXFileReference; fileEncoding = 4; lastKnownFileType = sourcecode.c.h; path = ccnr_sync.h; sourceTree = "<group>"; };
		D1A365D81658DA8F000F7C6A /* ccnr_util.c */ = {isa = PBXFileReference; fileEncoding = 4; lastKnownFileType = sourcecode.c.c; path = ccnr_util.c; sourceTree = "<group>"; };
		D1A365D91658DA8F000F7C6A /* ccnr_util.h */ = {isa = PBXFileReference; fileEncoding = 4; lastKnownFileType = sourcecode.c.h; path = ccnr_util.h; sourceTree = "<group>"; };
		D1A365DE1658DA8F000F7C6A /* ccn_ccnbtoxml.c */ = {isa = PBXFileReference; fileEncoding = 4; lastKnownFileType = sourcecode.c.c; path = ccn_ccnbtoxml.c; sourceTree = "<group>"; };
		D1A365DF1658DA8F000F7C6A /* ccn_fetch_test.c */ = {isa = PBXFileReference; fileEncoding = 4; lastKnownFileType = sourcecode.c.c; path = ccn_fetch_test.c; sourceTree = "<group>"; };
		D1A365E01658DA8F000F7C6A /* ccn_splitccnb.c */ = {isa = PBXFileReference; fileEncoding = 4; lastKnownFileType = sourcecode.c.c; path = ccn_splitccnb.c; sourceTree = "<group>"; };
		D1A365E11658DA8F000F7C6A /* ccn_xmltoccnb.c */ = {isa = PBXFileReference; fileEncoding = 4; lastKnownFileType = sourcecode.c.c; path = ccn_xmltoccnb.c; sourceTree = "<group>"; };
		D1A365E21658DA8F000F7C6A /* ccnbasicconfig.c */ = {isa = PBXFileReference; fileEncoding = 4; lastKnownFileType = sourcecode.c.c; path = ccnbasicconfig.c; sourceTree = "<group>"; };
		D1A365E31658DA8F000F7C6A /* ccnbuzz.c */ = {isa = PBXFileReference; fileEncoding = 4; lastKnownFileType = sourcecode.c.c; path = ccnbuzz.c; sourceTree = "<group>"; };
		D1A365E41658DA8F000F7C6A /* ccnbx.c */ = {isa = PBXFileReference; fileEncoding = 4; lastKnownFileType = sourcecode.c.c; path = ccnbx.c; sourceTree = "<group>"; };
		D1A365E51658DA8F000F7C6A /* ccnc.c */ = {isa = PBXFileReference; fileEncoding = 4; lastKnownFileType = sourcecode.c.c; path = ccnc.c; sourceTree = "<group>"; };
		D1A365E61658DA8F000F7C6A /* ccncat.c */ = {isa = PBXFileReference; fileEncoding = 4; lastKnownFileType = sourcecode.c.c; path = ccncat.c; sourceTree = "<group>"; };
		D1A365E71658DA8F000F7C6A /* ccncatchunks.c */ = {isa = PBXFileReference; fileEncoding = 4; lastKnownFileType = sourcecode.c.c; path = ccncatchunks.c; sourceTree = "<group>"; };
		D1A365E81658DA8F000F7C6A /* ccncatchunks2.c */ = {isa = PBXFileReference; fileEncoding = 4; lastKnownFileType = sourcecode.c.c; path = ccncatchunks2.c; sourceTree = "<group>"; };
		D1A365E91658DA8F000F7C6A /* ccndumpnames.c */ = {isa = PBXFileReference; fileEncoding = 4; lastKnownFileType = sourcecode.c.c; path = ccndumpnames.c; sourceTree = "<group>"; };
		D1A365EA1658DA8F000F7C6A /* ccndumppcap.c */ = {isa = PBXFileReference; fileEncoding = 4; lastKnownFileType = sourcecode.c.c; path = ccndumppcap.c; sourceTree = "<group>"; };
		D1A365EB1658DA8F000F7C6A /* ccnfilewatch.c */ = {isa = PBXFileReference; fileEncoding = 4; lastKnownFileType = sourcecode.c.c; path = ccnfilewatch.c; sourceTree = "<group>"; };
		D1A365EC1658DA8F000F7C6A /* ccnhexdumpdata.c */ = {isa = PBXFileReference; fileEncoding = 4; lastKnownFileType = sourcecode.c.c; path = ccnhexdumpdata.c; sourceTree = "<group>"; };
		D1A365ED1658DA8F000F7C6A /* ccninitkeystore.c */ = {isa = PBXFileReference; fileEncoding = 4; lastKnownFileType = sourcecode.c.c; path = ccninitkeystore.c; sourceTree = "<group>"; };
		D1A365EE1658DA8F000F7C6A /* ccnlibtest.c */ = {isa = PBXFileReference; fileEncoding = 4; lastKnownFileType = sourcecode.c.c; path = ccnlibtest.c; sourceTree = "<group>"; };
		D1A365EF1658DA8F000F7C6A /* ccnls.c */ = {isa = PBXFileReference; fileEncoding = 4; lastKnownFileType = sourcecode.c.c; path = ccnls.c; sourceTree = "<group>"; };
		D1A365F01658DA8F000F7C6A /* ccnnamelist.c */ = {isa = PBXFileReference; fileEncoding = 4; lastKnownFileType = sourcecode.c.c; path = ccnnamelist.c; sourceTree = "<group>"; };
		D1A365F11658DA8F000F7C6A /* ccnpeek.c */ = {isa = PBXFileReference; fileEncoding = 4; lastKnownFileType = sourcecode.c.c; path = ccnpeek.c; sourceTree = "<group>"; };
		D1A365F21658DA8F000F7C6A /* ccnpoke.c */ = {isa = PBXFileReference; fileEncoding = 4; lastKnownFileType = sourcecode.c.c; path = ccnpoke.c; sourceTree = "<group>"; };
		D1A365F31658DA8F000F7C6A /* ccnrm.c */ = {isa = PBXFileReference; fileEncoding = 4; lastKnownFileType = sourcecode.c.c; path = ccnrm.c; sourceTree = "<group>"; };
		D1A365F41658DA8F000F7C6A /* ccnsendchunks.c */ = {isa = PBXFileReference; fileEncoding = 4; lastKnownFileType = sourcecode.c.c; path = ccnsendchunks.c; sourceTree = "<group>"; };
		D1A365F51658DA8F000F7C6A /* ccnseqwriter.c */ = {isa = PBXFileReference; fileEncoding = 4; lastKnownFileType = sourcecode.c.c; path = ccnseqwriter.c; sourceTree = "<group>"; };
		D1A365F61658DA8F000F7C6A /* ccnsimplecat.c */ = {isa = PBXFileReference; fileEncoding = 4; lastKnownFileType = sourcecode.c.c; path = ccnsimplecat.c; sourceTree = "<group>"; };
		D1A365F71658DA8F000F7C6A /* ccnslurp.c */ = {isa = PBXFileReference; fileEncoding = 4; lastKnownFileType = sourcecode.c.c; path = ccnslurp.c; sourceTree = "<group>"; };
		D1A365F81658DA8F000F7C6A /* ccnsnew.c */ = {isa = PBXFileReference; fileEncoding = 4; lastKnownFileType = sourcecode.c.c; path = ccnsnew.c; sourceTree = "<group>"; };
		D1A365F91658DA8F000F7C6A /* ccnsyncslice.c */ = {isa = PBXFileReference; fileEncoding = 4; lastKnownFileType = sourcecode.c.c; path = ccnsyncslice.c; sourceTree = "<group>"; };
		D1A365FA1658DA8F000F7C6A /* ccnsyncwatch.c */ = {isa = PBXFileReference; fileEncoding = 4; lastKnownFileType = sourcecode.c.c; path = ccnsyncwatch.c; sourceTree = "<group>"; };
		D1A365FB1658DA8F000F7C6A /* ccntimefromdatetime.c */ = {isa = PBXFileReference; fileEncoding = 4; lastKnownFileType = sourcecode.c.c; path = ccntimefromdatetime.c; sourceTree = "<group>"; };
		D1A365FC1658DA8F000F7C6A /* dataresponsetest.c */ = {isa = PBXFileReference; fileEncoding = 4; lastKnownFileType = sourcecode.c.c; path = dataresponsetest.c; sourceTree = "<group>"; };
		D1A366411658DA8F000F7C6A /* bloom.h */ = {isa = PBXFileReference; fileEncoding = 4; lastKnownFileType = sourcecode.c.h; path = bloom.h; sourceTree = "<group>"; };
		D1A366421658DA8F000F7C6A /* btree.h */ = {isa = PBXFileReference; fileEncoding = 4; lastKnownFileType = sourcecode.c.h; path = btree.h; sourceTree = "<group>"; };
		D1A366431658DA8F000F7C6A /* btree_content.h */ = {isa = PBXFileReference; fileEncoding = 4; lastKnownFileType = sourcecode.c.h; path = btree_content.h; sourceTree = "<group>"; };
		D1A366441658DA8F000F7C6A /* ccn.h */ = {isa = PBXFileReference; fileEncoding = 4; lastKnownFileType = sourcecode.c.h; path = ccn.h; sourceTree = "<group>"; };
		D1A366451658DA8F000F7C6A /* ccn_private.h */ = {isa = PBXFileReference; fileEncoding = 4; lastKnownFileType = sourcecode.c.h; path = ccn_private.h; sourceTree = "<group>"; };
		D1A366461658DA8F000F7C6A /* ccnd.h */ = {isa = PBXFileReference; fileEncoding = 4; lastKnownFileType = sourcecode.c.h; path = ccnd.h; sourceTree = "<group>"; };
		D1A366471658DA8F000F7C6A /* charbuf.h */ = {isa = PBXFileReference; fileEncoding = 4; lastKnownFileType = sourcecode.c.h; path = charbuf.h; sourceTree = "<group>"; };
		D1A366481658DA8F000F7C6A /* coding.h */ = {isa = PBXFileReference; fileEncoding = 4; lastKnownFileType = sourcecode.c.h; path = coding.h; sourceTree = "<group>"; };
		D1A366491658DA8F000F7C6A /* digest.h */ = {isa = PBXFileReference; fileEncoding = 4; lastKnownFileType = sourcecode.c.h; path = digest.h; sourceTree = "<group>"; };
		D1A3664A1658DA8F000F7C6A /* extend_dict.h */ = {isa = PBXFileReference; fileEncoding = 4; lastKnownFileType = sourcecode.c.h; path = extend_dict.h; sourceTree = "<group>"; };
		D1A3664B1658DA8F000F7C6A /* face_mgmt.h */ = {isa = PBXFileReference; fileEncoding = 4; lastKnownFileType = sourcecode.c.h; path = face_mgmt.h; sourceTree = "<group>"; };
		D1A3664C1658DA8F000F7C6A /* fetch.h */ = {isa = PBXFileReference; fileEncoding = 4; lastKnownFileType = sourcecode.c.h; path = fetch.h; sourceTree = "<group>"; };
		D1A3664D1658DA8F000F7C6A /* hashtb.h */ = {isa = PBXFileReference; fileEncoding = 4; lastKnownFileType = sourcecode.c.h; path = hashtb.h; sourceTree = "<group>"; };
		D1A3664E1658DA8F000F7C6A /* header.h */ = {isa = PBXFileReference; fileEncoding = 4; lastKnownFileType = sourcecode.c.h; path = header.h; sourceTree = "<group>"; };
		D1A3664F1658DA8F000F7C6A /* indexbuf.h */ = {isa = PBXFileReference; fileEncoding = 4; lastKnownFileType = sourcecode.c.h; path = indexbuf.h; sourceTree = "<group>"; };
		D1A366501658DA8F000F7C6A /* keystore.h */ = {isa = PBXFileReference; fileEncoding = 4; lastKnownFileType = sourcecode.c.h; path = keystore.h; sourceTree = "<group>"; };
		D1A366511658DA8F000F7C6A /* lned.h */ = {isa = PBXFileReference; fileEncoding = 4; lastKnownFileType = sourcecode.c.h; path = lned.h; sourceTree = "<group>"; };
		D1A366521658DA8F000F7C6A /* loglevels.h */ = {isa = PBXFileReference; fileEncoding = 4; lastKnownFileType = sourcecode.c.h; path = loglevels.h; sourceTree = "<group>"; };
		D1A366531658DA8F000F7C6A /* matrix.h */ = {isa = PBXFileReference; fileEncoding = 4; lastKnownFileType = sourcecode.c.h; path = matrix.h; sourceTree = "<group>"; };
		D1A366541658DA8F000F7C6A /* merklepathasn1.h */ = {isa = PBXFileReference; fileEncoding = 4; lastKnownFileType = sourcecode.c.h; path = merklepathasn1.h; sourceTree = "<group>"; };
		D1A366551658DA8F000F7C6A /* random.h */ = {isa = PBXFileReference; fileEncoding = 4; lastKnownFileType = sourcecode.c.h; path = random.h; sourceTree = "<group>"; };
		D1A366561658DA8F000F7C6A /* reg_mgmt.h */ = {isa = PBXFileReference; fileEncoding = 4; lastKnownFileType = sourcecode.c.h; path = reg_mgmt.h; sourceTree = "<group>"; };
		D1A366571658DA8F000F7C6A /* schedule.h */ = {isa = PBXFileReference; fileEncoding = 4; lastKnownFileType = sourcecode.c.h; path = schedule.h; sourceTree = "<group>"; };
		D1A366581658DA8F000F7C6A /* seqwriter.h */ = {isa = PBXFileReference; fileEncoding = 4; lastKnownFileType = sourcecode.c.h; path = seqwriter.h; sourceTree = "<group>"; };
		D1A366591658DA8F000F7C6A /* signing.h */ = {isa = PBXFileReference; fileEncoding = 4; lastKnownFileType = sourcecode.c.h; path = signing.h; sourceTree = "<group>"; };
		D1A3665A1658DA8F000F7C6A /* sockaddrutil.h */ = {isa = PBXFileReference; fileEncoding = 4; lastKnownFileType = sourcecode.c.h; path = sockaddrutil.h; sourceTree = "<group>"; };
		D1A3665B1658DA8F000F7C6A /* sockcreate.h */ = {isa = PBXFileReference; fileEncoding = 4; lastKnownFileType = sourcecode.c.h; path = sockcreate.h; sourceTree = "<group>"; };
		D1A3665C1658DA8F000F7C6A /* sync.h */ = {isa = PBXFileReference; fileEncoding = 4; lastKnownFileType = sourcecode.c.h; path = sync.h; sourceTree = "<group>"; };
		D1A3665D1658DA8F000F7C6A /* uri.h */ = {isa = PBXFileReference; fileEncoding = 4; lastKnownFileType = sourcecode.c.h; path = uri.h; sourceTree = "<group>"; };
		D1A366611658DA8F000F7C6A /* basicparsetest.c */ = {isa = PBXFileReference; fileEncoding = 4; lastKnownFileType = sourcecode.c.c; path = basicparsetest.c; sourceTree = "<group>"; };
		D1A366621658DA8F000F7C6A /* ccn_bloom.c */ = {isa = PBXFileReference; fileEncoding = 4; lastKnownFileType = sourcecode.c.c; path = ccn_bloom.c; sourceTree = "<group>"; };
		D1A366631658DA8F000F7C6A /* ccn_btree.c */ = {isa = PBXFileReference; fileEncoding = 4; lastKnownFileType = sourcecode.c.c; path = ccn_btree.c; sourceTree = "<group>"; };
		D1A366641658DA8F000F7C6A /* ccn_btree_content.c */ = {isa = PBXFileReference; fileEncoding = 4; lastKnownFileType = sourcecode.c.c; path = ccn_btree_content.c; sourceTree = "<group>"; };
		D1A366651658DA8F000F7C6A /* ccn_btree_store.c */ = {isa = PBXFileReference; fileEncoding = 4; lastKnownFileType = sourcecode.c.c; path = ccn_btree_store.c; sourceTree = "<group>"; };
		D1A366661658DA8F000F7C6A /* ccn_buf_decoder.c */ = {isa = PBXFileReference; fileEncoding = 4; lastKnownFileType = sourcecode.c.c; path = ccn_buf_decoder.c; sourceTree = "<group>"; };
		D1A366671658DA8F000F7C6A /* ccn_buf_encoder.c */ = {isa = PBXFileReference; fileEncoding = 4; lastKnownFileType = sourcecode.c.c; path = ccn_buf_encoder.c; sourceTree = "<group>"; };
		D1A366681658DA8F000F7C6A /* ccn_bulkdata.c */ = {isa = PBXFileReference; fileEncoding = 4; lastKnownFileType = sourcecode.c.c; path = ccn_bulkdata.c; sourceTree = "<group>"; };
		D1A366691658DA8F000F7C6A /* ccn_charbuf.c */ = {isa = PBXFileReference; fileEncoding = 4; lastKnownFileType = sourcecode.c.c; path = ccn_charbuf.c; sourceTree = "<group>"; };
		D1A3666A1658DA8F000F7C6A /* ccn_client.c */ = {isa = PBXFileReference; fileEncoding = 4; lastKnownFileType = sourcecode.c.c; path = ccn_client.c; sourceTree = "<group>"; };
		D1A3666B1658DA8F000F7C6A /* ccn_coding.c */ = {isa = PBXFileReference; fileEncoding = 4; lastKnownFileType = sourcecode.c.c; path = ccn_coding.c; sourceTree = "<group>"; };
		D1A3666C1658DA8F000F7C6A /* ccn_digest.c */ = {isa = PBXFileReference; fileEncoding = 4; lastKnownFileType = sourcecode.c.c; path = ccn_digest.c; sourceTree = "<group>"; };
		D1A3666D1658DA8F000F7C6A /* ccn_dtag_table.c */ = {isa = PBXFileReference; fileEncoding = 4; lastKnownFileType = sourcecode.c.c; path = ccn_dtag_table.c; sourceTree = "<group>"; };
		D1A3666E1658DA8F000F7C6A /* ccn_extend_dict.c */ = {isa = PBXFileReference; fileEncoding = 4; lastKnownFileType = sourcecode.c.c; path = ccn_extend_dict.c; sourceTree = "<group>"; };
		D1A3666F1658DA8F000F7C6A /* ccn_face_mgmt.c */ = {isa = PBXFileReference; fileEncoding = 4; lastKnownFileType = sourcecode.c.c; path = ccn_face_mgmt.c; sourceTree = "<group>"; };
		D1A366701658DA8F000F7C6A /* ccn_fetch.c */ = {isa = PBXFileReference; fileEncoding = 4; lastKnownFileType = sourcecode.c.c; path = ccn_fetch.c; sourceTree = "<group>"; };
		D1A366711658DA8F000F7C6A /* ccn_header.c */ = {isa = PBXFileReference; fileEncoding = 4; lastKnownFileType = sourcecode.c.c; path = ccn_header.c; sourceTree = "<group>"; };
		D1A366721658DA8F000F7C6A /* ccn_indexbuf.c */ = {isa = PBXFileReference; fileEncoding = 4; lastKnownFileType = sourcecode.c.c; path = ccn_indexbuf.c; sourceTree = "<group>"; };
		D1A366741658DA8F000F7C6A /* ccn_interest.c */ = {isa = PBXFileReference; fileEncoding = 4; lastKnownFileType = sourcecode.c.c; path = ccn_interest.c; sourceTree = "<group>"; };
		D1A366751658DA8F000F7C6A /* ccn_keystore.c */ = {isa = PBXFileReference; fileEncoding = 4; lastKnownFileType = sourcecode.c.c; path = ccn_keystore.c; sourceTree = "<group>"; };
		D1A366761658DA8F000F7C6A /* ccn_match.c */ = {isa = PBXFileReference; fileEncoding = 4; lastKnownFileType = sourcecode.c.c; path = ccn_match.c; sourceTree = "<group>"; };
		D1A366771658DA8F000F7C6A /* ccn_merkle_path_asn1.c */ = {isa = PBXFileReference; fileEncoding = 4; lastKnownFileType = sourcecode.c.c; path = ccn_merkle_path_asn1.c; sourceTree = "<group>"; };
		D1A366781658DA8F000F7C6A /* ccn_name_util.c */ = {isa = PBXFileReference; fileEncoding = 4; lastKnownFileType = sourcecode.c.c; path = ccn_name_util.c; sourceTree = "<group>"; };
		D1A366791658DA8F000F7C6A /* ccn_reg_mgmt.c */ = {isa = PBXFileReference; fileEncoding = 4; lastKnownFileType = sourcecode.c.c; path = ccn_reg_mgmt.c; sourceTree = "<group>"; };
		D1A3667A1658DA8F000F7C6A /* ccn_schedule.c */ = {isa = PBXFileReference; fileEncoding = 4; lastKnownFileType = sourcecode.c.c; path = ccn_schedule.c; sourceTree = "<group>"; };
		D1A3667B1658DA8F000F7C6A /* ccn_seqwriter.c */ = {isa = PBXFileReference; fileEncoding = 4; lastKnownFileType = sourcecode.c.c; path = ccn_seqwriter.c; sourceTree = "<group>"; };
		D1A3667C1658DA8F000F7C6A /* ccn_setup_sockaddr_un.c */ = {isa = PBXFileReference; fileEncoding = 4; lastKnownFileType = sourcecode.c.c; path = ccn_setup_sockaddr_un.c; sourceTree = "<group>"; };
		D1A3667D1658DA8F000F7C6A /* ccn_signing.c */ = {isa = PBXFileReference; fileEncoding = 4; lastKnownFileType = sourcecode.c.c; path = ccn_signing.c; sourceTree = "<group>"; };
		D1A3667E1658DA8F000F7C6A /* ccn_sockaddrutil.c */ = {isa = PBXFileReference; fileEncoding = 4; lastKnownFileType = sourcecode.c.c; path = ccn_sockaddrutil.c; sourceTree = "<group>"; };
		D1A3667F1658DA8F000F7C6A /* ccn_sockcreate.c */ = {isa = PBXFileReference; fileEncoding = 4; lastKnownFileType = sourcecode.c.c; path = ccn_sockcreate.c; sourceTree = "<group>"; };
		D1A366801658DA8F000F7C6A /* ccn_traverse.c */ = {isa = PBXFileReference; fileEncoding = 4; lastKnownFileType = sourcecode.c.c; path = ccn_traverse.c; sourceTree = "<group>"; };
		D1A366811658DA8F000F7C6A /* ccn_uri.c */ = {isa = PBXFileReference; fileEncoding = 4; lastKnownFileType = sourcecode.c.c; path = ccn_uri.c; sourceTree = "<group>"; };
		D1A366821658DA8F000F7C6A /* ccn_verifysig.c */ = {isa = PBXFileReference; fileEncoding = 4; lastKnownFileType = sourcecode.c.c; path = ccn_verifysig.c; sourceTree = "<group>"; };
		D1A366831658DA8F000F7C6A /* ccn_versioning.c */ = {isa = PBXFileReference; fileEncoding = 4; lastKnownFileType = sourcecode.c.c; path = ccn_versioning.c; sourceTree = "<group>"; };
		D1A366841658DA8F000F7C6A /* ccnbtreetest.c */ = {isa = PBXFileReference; fileEncoding = 4; lastKnownFileType = sourcecode.c.c; path = ccnbtreetest.c; sourceTree = "<group>"; };
		D1A366861658DA8F000F7C6A /* encodedecodetest.c */ = {isa = PBXFileReference; fileEncoding = 4; lastKnownFileType = sourcecode.c.c; path = encodedecodetest.c; sourceTree = "<group>"; };
		D1A366891658DA8F000F7C6A /* hashtb.c */ = {isa = PBXFileReference; fileEncoding = 4; lastKnownFileType = sourcecode.c.c; path = hashtb.c; sourceTree = "<group>"; };
		D1A3668A1658DA8F000F7C6A /* hashtbtest.c */ = {isa = PBXFileReference; fileEncoding = 4; lastKnownFileType = sourcecode.c.c; path = hashtbtest.c; sourceTree = "<group>"; };
		D1A3668B1658DA8F000F7C6A /* lned.c */ = {isa = PBXFileReference; fileEncoding = 4; lastKnownFileType = sourcecode.c.c; path = lned.c; sourceTree = "<group>"; };
		D1A3668F1658DA8F000F7C6A /* signbenchtest.c */ = {isa = PBXFileReference; fileEncoding = 4; lastKnownFileType = sourcecode.c.c; path = signbenchtest.c; sourceTree = "<group>"; };
		D1A366901658DA8F000F7C6A /* skel_decode_test.c */ = {isa = PBXFileReference; fileEncoding = 4; lastKnownFileType = sourcecode.c.c; path = skel_decode_test.c; sourceTree = "<group>"; };
		D1A366951658DA8F000F7C6A /* ccndc-log.c */ = {isa = PBXFileReference; fileEncoding = 4; lastKnownFileType = sourcecode.c.c; path = "ccndc-log.c"; sourceTree = "<group>"; };
		D1A366961658DA8F000F7C6A /* ccndc-log.h */ = {isa = PBXFileReference; fileEncoding = 4; lastKnownFileType = sourcecode.c.h; path = "ccndc-log.h"; sourceTree = "<group>"; };
		D1A366971658DA8F000F7C6A /* ccndc-main.c */ = {isa = PBXFileReference; fileEncoding = 4; lastKnownFileType = sourcecode.c.c; path = "ccndc-main.c"; sourceTree = "<group>"; };
		D1A366981658DA8F000F7C6A /* ccndc-srv.c */ = {isa = PBXFileReference; fileEncoding = 4; lastKnownFileType = sourcecode.c.c; path = "ccndc-srv.c"; sourceTree = "<group>"; };
		D1A366991658DA8F000F7C6A /* ccndc-srv.h */ = {isa = PBXFileReference; fileEncoding = 4; lastKnownFileType = sourcecode.c.h; path = "ccndc-srv.h"; sourceTree = "<group>"; };
		D1A3669A1658DA8F000F7C6A /* ccndc.c */ = {isa = PBXFileReference; fileEncoding = 4; lastKnownFileType = sourcecode.c.c; path = ccndc.c; sourceTree = "<group>"; };
		D1A3669B1658DA8F000F7C6A /* ccndc.h */ = {isa = PBXFileReference; fileEncoding = 4; lastKnownFileType = sourcecode.c.h; path = ccndc.h; sourceTree = "<group>"; };
		D1A3669E1658DA8F000F7C6A /* udplink.c */ = {isa = PBXFileReference; fileEncoding = 4; lastKnownFileType = sourcecode.c.c; path = udplink.c; sourceTree = "<group>"; };
		D1A366B11658DA8F000F7C6A /* IndexSorter.c */ = {isa = PBXFileReference; fileEncoding = 4; lastKnownFileType = sourcecode.c.c; path = IndexSorter.c; sourceTree = "<group>"; };
		D1A366B21658DA8F000F7C6A /* IndexSorter.h */ = {isa = PBXFileReference; fileEncoding = 4; lastKnownFileType = sourcecode.c.h; path = IndexSorter.h; sourceTree = "<group>"; };
		D1A366B81658DA8F000F7C6A /* sync_api.c */ = {isa = PBXFileReference; fileEncoding = 4; lastKnownFileType = sourcecode.c.c; path = sync_api.c; sourceTree = "<group>"; };
		D1A366B91658DA8F000F7C6A /* sync_diff.c */ = {isa = PBXFileReference; fileEncoding = 4; lastKnownFileType = sourcecode.c.c; path = sync_diff.c; sourceTree = "<group>"; };
		D1A366BA1658DA8F000F7C6A /* sync_diff.h */ = {isa = PBXFileReference; fileEncoding = 4; lastKnownFileType = sourcecode.c.h; path = sync_diff.h; sourceTree = "<group>"; };
		D1A366BB1658DA8F000F7C6A /* sync_plumbing.h */ = {isa = PBXFileReference; fileEncoding = 4; lastKnownFileType = sourcecode.c.h; path = sync_plumbing.h; sourceTree = "<group>"; };
		D1A366BC1658DA8F000F7C6A /* SyncActions.c */ = {isa = PBXFileReference; fileEncoding = 4; lastKnownFileType = sourcecode.c.c; path = SyncActions.c; sourceTree = "<group>"; };
		D1A366BD1658DA8F000F7C6A /* SyncActions.h */ = {isa = PBXFileReference; fileEncoding = 4; lastKnownFileType = sourcecode.c.h; path = SyncActions.h; sourceTree = "<group>"; };
		D1A366BE1658DA8F000F7C6A /* SyncBase.c */ = {isa = PBXFileReference; fileEncoding = 4; lastKnownFileType = sourcecode.c.c; path = SyncBase.c; sourceTree = "<group>"; };
		D1A366BF1658DA8F000F7C6A /* SyncBase.h */ = {isa = PBXFileReference; fileEncoding = 4; lastKnownFileType = sourcecode.c.h; path = SyncBase.h; sourceTree = "<group>"; };
		D1A366C01658DA8F000F7C6A /* SyncHashCache.c */ = {isa = PBXFileReference; fileEncoding = 4; lastKnownFileType = sourcecode.c.c; path = SyncHashCache.c; sourceTree = "<group>"; };
		D1A366C11658DA8F000F7C6A /* SyncHashCache.h */ = {isa = PBXFileReference; fileEncoding = 4; lastKnownFileType = sourcecode.c.h; path = SyncHashCache.h; sourceTree = "<group>"; };
		D1A366C21658DA8F000F7C6A /* SyncMacros.h */ = {isa = PBXFileReference; fileEncoding = 4; lastKnownFileType = sourcecode.c.h; path = SyncMacros.h; sourceTree = "<group>"; };
		D1A366C31658DA8F000F7C6A /* SyncNode.c */ = {isa = PBXFileReference; fileEncoding = 4; lastKnownFileType = sourcecode.c.c; path = SyncNode.c; sourceTree = "<group>"; };
		D1A366C41658DA8F000F7C6A /* SyncNode.h */ = {isa = PBXFileReference; fileEncoding = 4; lastKnownFileType = sourcecode.c.h; path = SyncNode.h; sourceTree = "<group>"; };
		D1A366C51658DA8F000F7C6A /* SyncPrivate.h */ = {isa = PBXFileReference; fileEncoding = 4; lastKnownFileType = sourcecode.c.h; path = SyncPrivate.h; sourceTree = "<group>"; };
		D1A366C61658DA8F000F7C6A /* SyncRoot.c */ = {isa = PBXFileReference; fileEncoding = 4; lastKnownFileType = sourcecode.c.c; path = SyncRoot.c; sourceTree = "<group>"; };
		D1A366C71658DA8F000F7C6A /* SyncRoot.h */ = {isa = PBXFileReference; fileEncoding = 4; lastKnownFileType = sourcecode.c.h; path = SyncRoot.h; sourceTree = "<group>"; };
		D1A366C81658DA8F000F7C6A /* SyncTest.c */ = {isa = PBXFileReference; fileEncoding = 4; lastKnownFileType = sourcecode.c.c; path = SyncTest.c; sourceTree = "<group>"; };
		D1A366C91658DA8F000F7C6A /* SyncTreeWorker.c */ = {isa = PBXFileReference; fileEncoding = 4; lastKnownFileType = sourcecode.c.c; path = SyncTreeWorker.c; sourceTree = "<group>"; };
		D1A366CA1658DA8F000F7C6A /* SyncTreeWorker.h */ = {isa = PBXFileReference; fileEncoding = 4; lastKnownFileType = sourcecode.c.h; path = SyncTreeWorker.h; sourceTree = "<group>"; };
		D1A366CB1658DA8F000F7C6A /* SyncUtil.c */ = {isa = PBXFileReference; fileEncoding = 4; lastKnownFileType = sourcecode.c.c; path = SyncUtil.c; sourceTree = "<group>"; };
		D1A366CC1658DA8F000F7C6A /* SyncUtil.h */ = {isa = PBXFileReference; fileEncoding = 4; lastKnownFileType = sourcecode.c.h; path = SyncUtil.h; sourceTree = "<group>"; };
/* End PBXFileReference section */

/* Begin PBXFrameworksBuildPhase section */
		D19726BA15CA659D003F6BEE /* Frameworks */ = {
			isa = PBXFrameworksBuildPhase;
			buildActionMask = 2147483647;
			files = (
			);
			runOnlyForDeploymentPostprocessing = 0;
		};
/* End PBXFrameworksBuildPhase section */

/* Begin PBXGroup section */
		D19726B215CA659D003F6BEE = {
			isa = PBXGroup;
			children = (
				D1A365991658DA8F000F7C6A /* csrc */,
				D19726BE15CA659D003F6BEE /* Products */,
			);
			sourceTree = "<group>";
		};
		D19726BE15CA659D003F6BEE /* Products */ = {
			isa = PBXGroup;
			children = (
				D19726BD15CA659D003F6BEE /* libCCN.a */,
			);
			name = Products;
			sourceTree = "<group>";
		};
		D1A365991658DA8F000F7C6A /* csrc */ = {
			isa = PBXGroup;
			children = (
				D1A3659A1658DA8F000F7C6A /* .gitignore */,
				D1A3659C1658DA8F000F7C6A /* ccnd */,
				D1A365B61658DA8F000F7C6A /* ccnr */,
				D1A365DD1658DA8F000F7C6A /* cmd */,
				D1A3663F1658DA8F000F7C6A /* include */,
				D1A3665E1658DA8F000F7C6A /* lib */,
				D1A366931658DA8F000F7C6A /* libexec */,
				D1A366AC1658DA8F000F7C6A /* sync */,
			);
			path = csrc;
			sourceTree = "<group>";
		};
		D1A3659C1658DA8F000F7C6A /* ccnd */ = {
			isa = PBXGroup;
			children = (
				D1A365A11658DA8F000F7C6A /* ccnd.c */,
				D1A365A41658DA8F000F7C6A /* ccnd_internal_client.c */,
				D1A365A51658DA8F000F7C6A /* ccnd_main.c */,
				D1A365A61658DA8F000F7C6A /* ccnd_msg.c */,
				D1A365A71658DA8F000F7C6A /* ccnd_private.h */,
				D1A365A81658DA8F000F7C6A /* ccnd_stats.c */,
				D1A365AA1658DA8F000F7C6A /* ccndsmoketest.c */,
			);
			path = ccnd;
			sourceTree = "<group>";
		};
		D1A365B61658DA8F000F7C6A /* ccnr */ = {
			isa = PBXGroup;
			children = (
				D1A365B71658DA8F000F7C6A /* .gitignore */,
				D1A365BA1658DA8F000F7C6A /* ccnr_dispatch.c */,
				D1A365BB1658DA8F000F7C6A /* ccnr_dispatch.h */,
				D1A365BC1658DA8F000F7C6A /* ccnr_forwarding.c */,
				D1A365BD1658DA8F000F7C6A /* ccnr_forwarding.h */,
				D1A365BE1658DA8F000F7C6A /* ccnr_init.c */,
				D1A365BF1658DA8F000F7C6A /* ccnr_init.h */,
				D1A365C01658DA8F000F7C6A /* ccnr_internal_client.c */,
				D1A365C11658DA8F000F7C6A /* ccnr_internal_client.h */,
				D1A365C21658DA8F000F7C6A /* ccnr_io.c */,
				D1A365C31658DA8F000F7C6A /* ccnr_io.h */,
				D1A365C41658DA8F000F7C6A /* ccnr_link.c */,
				D1A365C51658DA8F000F7C6A /* ccnr_link.h */,
				D1A365C61658DA8F000F7C6A /* ccnr_main.c */,
				D1A365C71658DA8F000F7C6A /* ccnr_match.c */,
				D1A365C81658DA8F000F7C6A /* ccnr_match.h */,
				D1A365C91658DA8F000F7C6A /* ccnr_msg.c */,
				D1A365CA1658DA8F000F7C6A /* ccnr_msg.h */,
				D1A365CB1658DA8F000F7C6A /* ccnr_net.c */,
				D1A365CC1658DA8F000F7C6A /* ccnr_net.h */,
				D1A365CD1658DA8F000F7C6A /* ccnr_private.h */,
				D1A365CE1658DA8F000F7C6A /* ccnr_proto.c */,
				D1A365CF1658DA8F000F7C6A /* ccnr_proto.h */,
				D1A365D01658DA8F000F7C6A /* ccnr_sendq.c */,
				D1A365D11658DA8F000F7C6A /* ccnr_sendq.h */,
				D1A365D21658DA8F000F7C6A /* ccnr_stats.c */,
				D1A365D31658DA8F000F7C6A /* ccnr_stats.h */,
				D1A365D41658DA8F000F7C6A /* ccnr_store.c */,
				D1A365D51658DA8F000F7C6A /* ccnr_store.h */,
				D1A365D61658DA8F000F7C6A /* ccnr_sync.c */,
				D1A365D71658DA8F000F7C6A /* ccnr_sync.h */,
				D1A365D81658DA8F000F7C6A /* ccnr_util.c */,
				D1A365D91658DA8F000F7C6A /* ccnr_util.h */,
			);
			path = ccnr;
			sourceTree = "<group>";
		};
		D1A365DD1658DA8F000F7C6A /* cmd */ = {
			isa = PBXGroup;
			children = (
				D1A365DE1658DA8F000F7C6A /* ccn_ccnbtoxml.c */,
				D1A365DF1658DA8F000F7C6A /* ccn_fetch_test.c */,
				D1A365E01658DA8F000F7C6A /* ccn_splitccnb.c */,
				D1A365E11658DA8F000F7C6A /* ccn_xmltoccnb.c */,
				D1A365E21658DA8F000F7C6A /* ccnbasicconfig.c */,
				D1A365E31658DA8F000F7C6A /* ccnbuzz.c */,
				D1A365E41658DA8F000F7C6A /* ccnbx.c */,
				D1A365E51658DA8F000F7C6A /* ccnc.c */,
				D1A365E61658DA8F000F7C6A /* ccncat.c */,
				D1A365E71658DA8F000F7C6A /* ccncatchunks.c */,
				D1A365E81658DA8F000F7C6A /* ccncatchunks2.c */,
				D1A365E91658DA8F000F7C6A /* ccndumpnames.c */,
				D1A365EA1658DA8F000F7C6A /* ccndumppcap.c */,
				D1A365EB1658DA8F000F7C6A /* ccnfilewatch.c */,
				D1A365EC1658DA8F000F7C6A /* ccnhexdumpdata.c */,
				D1A365ED1658DA8F000F7C6A /* ccninitkeystore.c */,
				D1A365EE1658DA8F000F7C6A /* ccnlibtest.c */,
				D1A365EF1658DA8F000F7C6A /* ccnls.c */,
				D1A365F01658DA8F000F7C6A /* ccnnamelist.c */,
				D1A365F11658DA8F000F7C6A /* ccnpeek.c */,
				D1A365F21658DA8F000F7C6A /* ccnpoke.c */,
				D1A365F31658DA8F000F7C6A /* ccnrm.c */,
				D1A365F41658DA8F000F7C6A /* ccnsendchunks.c */,
				D1A365F51658DA8F000F7C6A /* ccnseqwriter.c */,
				D1A365F61658DA8F000F7C6A /* ccnsimplecat.c */,
				D1A365F71658DA8F000F7C6A /* ccnslurp.c */,
				D1A365F81658DA8F000F7C6A /* ccnsnew.c */,
				D1A365F91658DA8F000F7C6A /* ccnsyncslice.c */,
				D1A365FA1658DA8F000F7C6A /* ccnsyncwatch.c */,
				D1A365FB1658DA8F000F7C6A /* ccntimefromdatetime.c */,
				D1A365FC1658DA8F000F7C6A /* dataresponsetest.c */,
			);
			path = cmd;
			sourceTree = "<group>";
		};
		D1A3663F1658DA8F000F7C6A /* include */ = {
			isa = PBXGroup;
			children = (
				D1A366401658DA8F000F7C6A /* ccn */,
			);
			path = include;
			sourceTree = "<group>";
		};
		D1A366401658DA8F000F7C6A /* ccn */ = {
			isa = PBXGroup;
			children = (
				D1A366411658DA8F000F7C6A /* bloom.h */,
				D1A366421658DA8F000F7C6A /* btree.h */,
				D1A366431658DA8F000F7C6A /* btree_content.h */,
				D1A366441658DA8F000F7C6A /* ccn.h */,
				D1A366451658DA8F000F7C6A /* ccn_private.h */,
				D1A366461658DA8F000F7C6A /* ccnd.h */,
				D1A366471658DA8F000F7C6A /* charbuf.h */,
				D1A366481658DA8F000F7C6A /* coding.h */,
				D1A366491658DA8F000F7C6A /* digest.h */,
				D1A3664A1658DA8F000F7C6A /* extend_dict.h */,
				D1A3664B1658DA8F000F7C6A /* face_mgmt.h */,
				D1A3664C1658DA8F000F7C6A /* fetch.h */,
				D1A3664D1658DA8F000F7C6A /* hashtb.h */,
				D1A3664E1658DA8F000F7C6A /* header.h */,
				D1A3664F1658DA8F000F7C6A /* indexbuf.h */,
				D1A366501658DA8F000F7C6A /* keystore.h */,
				D1A366511658DA8F000F7C6A /* lned.h */,
				D1A366521658DA8F000F7C6A /* loglevels.h */,
				D1A366531658DA8F000F7C6A /* matrix.h */,
				D1A366541658DA8F000F7C6A /* merklepathasn1.h */,
				D1A366551658DA8F000F7C6A /* random.h */,
				D1A366561658DA8F000F7C6A /* reg_mgmt.h */,
				D1A366571658DA8F000F7C6A /* schedule.h */,
				D1A366581658DA8F000F7C6A /* seqwriter.h */,
				D1A366591658DA8F000F7C6A /* signing.h */,
				D1A3665A1658DA8F000F7C6A /* sockaddrutil.h */,
				D1A3665B1658DA8F000F7C6A /* sockcreate.h */,
				D1A3665C1658DA8F000F7C6A /* sync.h */,
				D1A3665D1658DA8F000F7C6A /* uri.h */,
			);
			path = ccn;
			sourceTree = "<group>";
		};
		D1A3665E1658DA8F000F7C6A /* lib */ = {
			isa = PBXGroup;
			children = (
				D1A366611658DA8F000F7C6A /* basicparsetest.c */,
				D1A366621658DA8F000F7C6A /* ccn_bloom.c */,
				D1A366631658DA8F000F7C6A /* ccn_btree.c */,
				D1A366641658DA8F000F7C6A /* ccn_btree_content.c */,
				D1A366651658DA8F000F7C6A /* ccn_btree_store.c */,
				D1A366661658DA8F000F7C6A /* ccn_buf_decoder.c */,
				D1A366671658DA8F000F7C6A /* ccn_buf_encoder.c */,
				D1A366681658DA8F000F7C6A /* ccn_bulkdata.c */,
				D1A366691658DA8F000F7C6A /* ccn_charbuf.c */,
				D1A3666A1658DA8F000F7C6A /* ccn_client.c */,
				D1A3666B1658DA8F000F7C6A /* ccn_coding.c */,
				D1A3666C1658DA8F000F7C6A /* ccn_digest.c */,
				D1A3666D1658DA8F000F7C6A /* ccn_dtag_table.c */,
				D1A3666E1658DA8F000F7C6A /* ccn_extend_dict.c */,
				D1A3666F1658DA8F000F7C6A /* ccn_face_mgmt.c */,
				D1A366701658DA8F000F7C6A /* ccn_fetch.c */,
				D1A366711658DA8F000F7C6A /* ccn_header.c */,
				D1A366721658DA8F000F7C6A /* ccn_indexbuf.c */,
				D1A366741658DA8F000F7C6A /* ccn_interest.c */,
				D1A366751658DA8F000F7C6A /* ccn_keystore.c */,
				D1A366761658DA8F000F7C6A /* ccn_match.c */,
				D1A366771658DA8F000F7C6A /* ccn_merkle_path_asn1.c */,
				D1A366781658DA8F000F7C6A /* ccn_name_util.c */,
				D1A366791658DA8F000F7C6A /* ccn_reg_mgmt.c */,
				D1A3667A1658DA8F000F7C6A /* ccn_schedule.c */,
				D1A3667B1658DA8F000F7C6A /* ccn_seqwriter.c */,
				D1A3667C1658DA8F000F7C6A /* ccn_setup_sockaddr_un.c */,
				D1A3667D1658DA8F000F7C6A /* ccn_signing.c */,
				D1A3667E1658DA8F000F7C6A /* ccn_sockaddrutil.c */,
				D1A3667F1658DA8F000F7C6A /* ccn_sockcreate.c */,
				D1A366801658DA8F000F7C6A /* ccn_traverse.c */,
				D1A366811658DA8F000F7C6A /* ccn_uri.c */,
				D1A366821658DA8F000F7C6A /* ccn_verifysig.c */,
				D1A366831658DA8F000F7C6A /* ccn_versioning.c */,
				D1A366841658DA8F000F7C6A /* ccnbtreetest.c */,
				D1A366861658DA8F000F7C6A /* encodedecodetest.c */,
				D1A366891658DA8F000F7C6A /* hashtb.c */,
				D1A3668A1658DA8F000F7C6A /* hashtbtest.c */,
				D1A3668B1658DA8F000F7C6A /* lned.c */,
				D1A3668F1658DA8F000F7C6A /* signbenchtest.c */,
				D1A366901658DA8F000F7C6A /* skel_decode_test.c */,
			);
			path = lib;
			sourceTree = "<group>";
		};
		D1A366931658DA8F000F7C6A /* libexec */ = {
			isa = PBXGroup;
			children = (
				D1A366951658DA8F000F7C6A /* ccndc-log.c */,
				D1A366961658DA8F000F7C6A /* ccndc-log.h */,
				D1A366971658DA8F000F7C6A /* ccndc-main.c */,
				D1A366981658DA8F000F7C6A /* ccndc-srv.c */,
				D1A366991658DA8F000F7C6A /* ccndc-srv.h */,
				D1A3669A1658DA8F000F7C6A /* ccndc.c */,
				D1A3669B1658DA8F000F7C6A /* ccndc.h */,
				D1A3669E1658DA8F000F7C6A /* udplink.c */,
			);
			path = libexec;
			sourceTree = "<group>";
		};
		D1A366AC1658DA8F000F7C6A /* sync */ = {
			isa = PBXGroup;
			children = (
				D1A366B11658DA8F000F7C6A /* IndexSorter.c */,
				D1A366B21658DA8F000F7C6A /* IndexSorter.h */,
				D1A366B81658DA8F000F7C6A /* sync_api.c */,
				D1A366B91658DA8F000F7C6A /* sync_diff.c */,
				D1A366BA1658DA8F000F7C6A /* sync_diff.h */,
				D1A366BB1658DA8F000F7C6A /* sync_plumbing.h */,
				D1A366BC1658DA8F000F7C6A /* SyncActions.c */,
				D1A366BD1658DA8F000F7C6A /* SyncActions.h */,
				D1A366BE1658DA8F000F7C6A /* SyncBase.c */,
				D1A366BF1658DA8F000F7C6A /* SyncBase.h */,
				D1A366C01658DA8F000F7C6A /* SyncHashCache.c */,
				D1A366C11658DA8F000F7C6A /* SyncHashCache.h */,
				D1A366C21658DA8F000F7C6A /* SyncMacros.h */,
				D1A366C31658DA8F000F7C6A /* SyncNode.c */,
				D1A366C41658DA8F000F7C6A /* SyncNode.h */,
				D1A366C51658DA8F000F7C6A /* SyncPrivate.h */,
				D1A366C61658DA8F000F7C6A /* SyncRoot.c */,
				D1A366C71658DA8F000F7C6A /* SyncRoot.h */,
				D1A366C81658DA8F000F7C6A /* SyncTest.c */,
				D1A366C91658DA8F000F7C6A /* SyncTreeWorker.c */,
				D1A366CA1658DA8F000F7C6A /* SyncTreeWorker.h */,
				D1A366CB1658DA8F000F7C6A /* SyncUtil.c */,
				D1A366CC1658DA8F000F7C6A /* SyncUtil.h */,
			);
			path = sync;
			sourceTree = "<group>";
		};
/* End PBXGroup section */

/* Begin PBXHeadersBuildPhase section */
		D19726BB15CA659D003F6BEE /* Headers */ = {
			isa = PBXHeadersBuildPhase;
			buildActionMask = 2147483647;
			files = (
				D1A3670E1658DA8F000F7C6A /* ccnd_private.h in Headers */,
				D1A367141658DA8F000F7C6A /* ccnr_dispatch.h in Headers */,
				D1A367161658DA8F000F7C6A /* ccnr_forwarding.h in Headers */,
				D1A367181658DA8F000F7C6A /* ccnr_init.h in Headers */,
				D1A3671A1658DA8F000F7C6A /* ccnr_internal_client.h in Headers */,
				D1A3671C1658DA8F000F7C6A /* ccnr_io.h in Headers */,
				D1A3671E1658DA8F000F7C6A /* ccnr_link.h in Headers */,
				D1A367211658DA8F000F7C6A /* ccnr_match.h in Headers */,
				D1A367231658DA8F000F7C6A /* ccnr_msg.h in Headers */,
				D1A367251658DA8F000F7C6A /* ccnr_net.h in Headers */,
				D1A367261658DA8F000F7C6A /* ccnr_private.h in Headers */,
				D1A367281658DA8F000F7C6A /* ccnr_proto.h in Headers */,
				D1A3672A1658DA8F000F7C6A /* ccnr_sendq.h in Headers */,
				D1A3672C1658DA8F000F7C6A /* ccnr_stats.h in Headers */,
				D1A3672E1658DA8F000F7C6A /* ccnr_store.h in Headers */,
				D1A367301658DA8F000F7C6A /* ccnr_sync.h in Headers */,
				D1A367321658DA8F000F7C6A /* ccnr_util.h in Headers */,
				D1A367551658DA8F000F7C6A /* bloom.h in Headers */,
				D1A367561658DA8F000F7C6A /* btree.h in Headers */,
				D1A367571658DA8F000F7C6A /* btree_content.h in Headers */,
				D1A367581658DA8F000F7C6A /* ccn.h in Headers */,
				D1A367591658DA8F000F7C6A /* ccn_private.h in Headers */,
				D1A3675A1658DA8F000F7C6A /* ccnd.h in Headers */,
				D1A3675B1658DA8F000F7C6A /* charbuf.h in Headers */,
				D1A3675C1658DA8F000F7C6A /* coding.h in Headers */,
				D1A3675D1658DA8F000F7C6A /* digest.h in Headers */,
				D1A3675E1658DA8F000F7C6A /* extend_dict.h in Headers */,
				D1A3675F1658DA8F000F7C6A /* face_mgmt.h in Headers */,
				D1A367601658DA8F000F7C6A /* fetch.h in Headers */,
				D1A367611658DA8F000F7C6A /* hashtb.h in Headers */,
				D1A367621658DA8F000F7C6A /* header.h in Headers */,
				D1A367631658DA8F000F7C6A /* indexbuf.h in Headers */,
				D1A367641658DA8F000F7C6A /* keystore.h in Headers */,
				D1A367651658DA8F000F7C6A /* lned.h in Headers */,
				D1A367661658DA8F000F7C6A /* loglevels.h in Headers */,
				D1A367671658DA8F000F7C6A /* matrix.h in Headers */,
				D1A367681658DA8F000F7C6A /* merklepathasn1.h in Headers */,
				D1A367691658DA8F000F7C6A /* random.h in Headers */,
				D1A3676A1658DA8F000F7C6A /* reg_mgmt.h in Headers */,
				D1A3676B1658DA8F000F7C6A /* schedule.h in Headers */,
				D1A3676C1658DA8F000F7C6A /* seqwriter.h in Headers */,
				D1A3676D1658DA8F000F7C6A /* signing.h in Headers */,
				D1A3676E1658DA8F000F7C6A /* sockaddrutil.h in Headers */,
				D1A3676F1658DA8F000F7C6A /* sockcreate.h in Headers */,
				D1A367701658DA8F000F7C6A /* sync.h in Headers */,
				D1A367711658DA8F000F7C6A /* uri.h in Headers */,
				D1A3679D1658DA8F000F7C6A /* ccndc-log.h in Headers */,
				D1A367A01658DA8F000F7C6A /* ccndc-srv.h in Headers */,
				D1A367A21658DA8F000F7C6A /* ccndc.h in Headers */,
				D1A367A71658DA8F000F7C6A /* IndexSorter.h in Headers */,
				D1A367AB1658DA8F000F7C6A /* sync_diff.h in Headers */,
				D1A367AC1658DA8F000F7C6A /* sync_plumbing.h in Headers */,
				D1A367AE1658DA8F000F7C6A /* SyncActions.h in Headers */,
				D1A367B01658DA8F000F7C6A /* SyncBase.h in Headers */,
				D1A367B21658DA8F000F7C6A /* SyncHashCache.h in Headers */,
				D1A367B31658DA8F000F7C6A /* SyncMacros.h in Headers */,
				D1A367B51658DA8F000F7C6A /* SyncNode.h in Headers */,
				D1A367B61658DA8F000F7C6A /* SyncPrivate.h in Headers */,
				D1A367B81658DA8F000F7C6A /* SyncRoot.h in Headers */,
				D1A367BB1658DA8F000F7C6A /* SyncTreeWorker.h in Headers */,
				D1A367BD1658DA8F000F7C6A /* SyncUtil.h in Headers */,
			);
			runOnlyForDeploymentPostprocessing = 0;
		};
/* End PBXHeadersBuildPhase section */

/* Begin PBXNativeTarget section */
		D19726BC15CA659D003F6BEE /* CCN */ = {
			isa = PBXNativeTarget;
			buildConfigurationList = D19726C115CA659D003F6BEE /* Build configuration list for PBXNativeTarget "CCN" */;
			buildPhases = (
				D19726B915CA659D003F6BEE /* Sources */,
				D19726BA15CA659D003F6BEE /* Frameworks */,
				D19726BB15CA659D003F6BEE /* Headers */,
			);
			buildRules = (
			);
			dependencies = (
			);
			name = CCN;
			productName = CCN;
			productReference = D19726BD15CA659D003F6BEE /* libCCN.a */;
			productType = "com.apple.product-type.library.static";
		};
/* End PBXNativeTarget section */

/* Begin PBXProject section */
		D19726B415CA659D003F6BEE /* Project object */ = {
			isa = PBXProject;
			attributes = {
				LastUpgradeCheck = 0440;
				ORGANIZATIONNAME = "Zening Qu";
			};
			buildConfigurationList = D19726B715CA659D003F6BEE /* Build configuration list for PBXProject "CCN" */;
			compatibilityVersion = "Xcode 3.2";
			developmentRegion = English;
			hasScannedForEncodings = 0;
			knownRegions = (
				en,
			);
			mainGroup = D19726B215CA659D003F6BEE;
			productRefGroup = D19726BE15CA659D003F6BEE /* Products */;
			projectDirPath = "";
			projectRoot = "";
			targets = (
				D19726BC15CA659D003F6BEE /* CCN */,
			);
		};
/* End PBXProject section */

/* Begin PBXSourcesBuildPhase section */
		D19726B915CA659D003F6BEE /* Sources */ = {
			isa = PBXSourcesBuildPhase;
			buildActionMask = 2147483647;
			files = (
				D1A3670A1658DA8F000F7C6A /* ccnd.c in Sources */,
				D1A3670B1658DA8F000F7C6A /* ccnd_internal_client.c in Sources */,
				D1A3670C1658DA8F000F7C6A /* ccnd_main.c in Sources */,
				D1A3670D1658DA8F000F7C6A /* ccnd_msg.c in Sources */,
				D1A3670F1658DA8F000F7C6A /* ccnd_stats.c in Sources */,
				D1A367101658DA8F000F7C6A /* ccndsmoketest.c in Sources */,
				D1A367131658DA8F000F7C6A /* ccnr_dispatch.c in Sources */,
				D1A367151658DA8F000F7C6A /* ccnr_forwarding.c in Sources */,
				D1A367171658DA8F000F7C6A /* ccnr_init.c in Sources */,
				D1A367191658DA8F000F7C6A /* ccnr_internal_client.c in Sources */,
				D1A3671B1658DA8F000F7C6A /* ccnr_io.c in Sources */,
				D1A3671D1658DA8F000F7C6A /* ccnr_link.c in Sources */,
				D1A3671F1658DA8F000F7C6A /* ccnr_main.c in Sources */,
				D1A367201658DA8F000F7C6A /* ccnr_match.c in Sources */,
				D1A367221658DA8F000F7C6A /* ccnr_msg.c in Sources */,
				D1A367241658DA8F000F7C6A /* ccnr_net.c in Sources */,
				D1A367271658DA8F000F7C6A /* ccnr_proto.c in Sources */,
				D1A367291658DA8F000F7C6A /* ccnr_sendq.c in Sources */,
				D1A3672B1658DA8F000F7C6A /* ccnr_stats.c in Sources */,
				D1A3672D1658DA8F000F7C6A /* ccnr_store.c in Sources */,
				D1A3672F1658DA8F000F7C6A /* ccnr_sync.c in Sources */,
				D1A367311658DA8F000F7C6A /* ccnr_util.c in Sources */,
				D1A367341658DA8F000F7C6A /* ccn_ccnbtoxml.c in Sources */,
				D1A367351658DA8F000F7C6A /* ccn_fetch_test.c in Sources */,
				D1A367361658DA8F000F7C6A /* ccn_splitccnb.c in Sources */,
				D1A367371658DA8F000F7C6A /* ccn_xmltoccnb.c in Sources */,
				D1A367381658DA8F000F7C6A /* ccnbasicconfig.c in Sources */,
				D1A367391658DA8F000F7C6A /* ccnbuzz.c in Sources */,
				D1A3673A1658DA8F000F7C6A /* ccnbx.c in Sources */,
				D1A3673B1658DA8F000F7C6A /* ccnc.c in Sources */,
				D1A3673C1658DA8F000F7C6A /* ccncat.c in Sources */,
				D1A3673D1658DA8F000F7C6A /* ccncatchunks.c in Sources */,
				D1A3673E1658DA8F000F7C6A /* ccncatchunks2.c in Sources */,
				D1A3673F1658DA8F000F7C6A /* ccndumpnames.c in Sources */,
				D1A367401658DA8F000F7C6A /* ccndumppcap.c in Sources */,
				D1A367411658DA8F000F7C6A /* ccnfilewatch.c in Sources */,
				D1A367421658DA8F000F7C6A /* ccnhexdumpdata.c in Sources */,
				D1A367431658DA8F000F7C6A /* ccninitkeystore.c in Sources */,
				D1A367441658DA8F000F7C6A /* ccnlibtest.c in Sources */,
				D1A367451658DA8F000F7C6A /* ccnls.c in Sources */,
				D1A367461658DA8F000F7C6A /* ccnnamelist.c in Sources */,
				D1A367471658DA8F000F7C6A /* ccnpeek.c in Sources */,
				D1A367481658DA8F000F7C6A /* ccnpoke.c in Sources */,
				D1A367491658DA8F000F7C6A /* ccnrm.c in Sources */,
				D1A3674A1658DA8F000F7C6A /* ccnsendchunks.c in Sources */,
				D1A3674B1658DA8F000F7C6A /* ccnseqwriter.c in Sources */,
				D1A3674C1658DA8F000F7C6A /* ccnsimplecat.c in Sources */,
				D1A3674D1658DA8F000F7C6A /* ccnslurp.c in Sources */,
				D1A3674E1658DA8F000F7C6A /* ccnsnew.c in Sources */,
				D1A3674F1658DA8F000F7C6A /* ccnsyncslice.c in Sources */,
				D1A367501658DA8F000F7C6A /* ccnsyncwatch.c in Sources */,
				D1A367511658DA8F000F7C6A /* ccntimefromdatetime.c in Sources */,
				D1A367521658DA8F000F7C6A /* dataresponsetest.c in Sources */,
				D1A367721658DA8F000F7C6A /* basicparsetest.c in Sources */,
				D1A367731658DA8F000F7C6A /* ccn_bloom.c in Sources */,
				D1A367741658DA8F000F7C6A /* ccn_btree.c in Sources */,
				D1A367751658DA8F000F7C6A /* ccn_btree_content.c in Sources */,
				D1A367761658DA8F000F7C6A /* ccn_btree_store.c in Sources */,
				D1A367771658DA8F000F7C6A /* ccn_buf_decoder.c in Sources */,
				D1A367781658DA8F000F7C6A /* ccn_buf_encoder.c in Sources */,
				D1A367791658DA8F000F7C6A /* ccn_bulkdata.c in Sources */,
				D1A3677A1658DA8F000F7C6A /* ccn_charbuf.c in Sources */,
				D1A3677B1658DA8F000F7C6A /* ccn_client.c in Sources */,
				D1A3677C1658DA8F000F7C6A /* ccn_coding.c in Sources */,
				D1A3677D1658DA8F000F7C6A /* ccn_digest.c in Sources */,
				D1A3677E1658DA8F000F7C6A /* ccn_dtag_table.c in Sources */,
				D1A3677F1658DA8F000F7C6A /* ccn_extend_dict.c in Sources */,
				D1A367801658DA8F000F7C6A /* ccn_face_mgmt.c in Sources */,
				D1A367811658DA8F000F7C6A /* ccn_fetch.c in Sources */,
				D1A367821658DA8F000F7C6A /* ccn_header.c in Sources */,
				D1A367831658DA8F000F7C6A /* ccn_indexbuf.c in Sources */,
				D1A367841658DA8F000F7C6A /* ccn_interest.c in Sources */,
				D1A367851658DA8F000F7C6A /* ccn_keystore.c in Sources */,
				D1A367861658DA8F000F7C6A /* ccn_match.c in Sources */,
				D1A367871658DA8F000F7C6A /* ccn_merkle_path_asn1.c in Sources */,
				D1A367881658DA8F000F7C6A /* ccn_name_util.c in Sources */,
				D1A367891658DA8F000F7C6A /* ccn_reg_mgmt.c in Sources */,
				D1A3678A1658DA8F000F7C6A /* ccn_schedule.c in Sources */,
				D1A3678B1658DA8F000F7C6A /* ccn_seqwriter.c in Sources */,
				D1A3678C1658DA8F000F7C6A /* ccn_setup_sockaddr_un.c in Sources */,
				D1A3678D1658DA8F000F7C6A /* ccn_signing.c in Sources */,
				D1A3678E1658DA8F000F7C6A /* ccn_sockaddrutil.c in Sources */,
				D1A3678F1658DA8F000F7C6A /* ccn_sockcreate.c in Sources */,
				D1A367901658DA8F000F7C6A /* ccn_traverse.c in Sources */,
				D1A367911658DA8F000F7C6A /* ccn_uri.c in Sources */,
				D1A367921658DA8F000F7C6A /* ccn_verifysig.c in Sources */,
				D1A367931658DA8F000F7C6A /* ccn_versioning.c in Sources */,
				D1A367941658DA8F000F7C6A /* ccnbtreetest.c in Sources */,
				D1A367951658DA8F000F7C6A /* encodedecodetest.c in Sources */,
				D1A367961658DA8F000F7C6A /* hashtb.c in Sources */,
				D1A367971658DA8F000F7C6A /* hashtbtest.c in Sources */,
				D1A367981658DA8F000F7C6A /* lned.c in Sources */,
				D1A3679A1658DA8F000F7C6A /* signbenchtest.c in Sources */,
				D1A3679B1658DA8F000F7C6A /* skel_decode_test.c in Sources */,
				D1A3679C1658DA8F000F7C6A /* ccndc-log.c in Sources */,
				D1A3679E1658DA8F000F7C6A /* ccndc-main.c in Sources */,
				D1A3679F1658DA8F000F7C6A /* ccndc-srv.c in Sources */,
				D1A367A11658DA8F000F7C6A /* ccndc.c in Sources */,
				D1A367A41658DA8F000F7C6A /* udplink.c in Sources */,
				D1A367A61658DA8F000F7C6A /* IndexSorter.c in Sources */,
				D1A367A91658DA8F000F7C6A /* sync_api.c in Sources */,
				D1A367AA1658DA8F000F7C6A /* sync_diff.c in Sources */,
				D1A367AD1658DA8F000F7C6A /* SyncActions.c in Sources */,
				D1A367AF1658DA8F000F7C6A /* SyncBase.c in Sources */,
				D1A367B11658DA8F000F7C6A /* SyncHashCache.c in Sources */,
				D1A367B41658DA8F000F7C6A /* SyncNode.c in Sources */,
				D1A367B71658DA8F000F7C6A /* SyncRoot.c in Sources */,
				D1A367B91658DA8F000F7C6A /* SyncTest.c in Sources */,
				D1A367BA1658DA8F000F7C6A /* SyncTreeWorker.c in Sources */,
				D1A367BC1658DA8F000F7C6A /* SyncUtil.c in Sources */,
			);
			runOnlyForDeploymentPostprocessing = 0;
		};
/* End PBXSourcesBuildPhase section */

/* Begin XCBuildConfiguration section */
		D19726BF15CA659D003F6BEE /* Debug */ = {
			isa = XCBuildConfiguration;
			buildSettings = {
				ALWAYS_SEARCH_USER_PATHS = NO;
				ARCHS = "$(ARCHS_STANDARD_64_BIT)";
				CLANG_CXX_LANGUAGE_STANDARD = "gnu++0x";
				CLANG_ENABLE_OBJC_ARC = YES;
				CLANG_WARN__DUPLICATE_METHOD_MATCH = YES;
				COPY_PHASE_STRIP = NO;
				GCC_C_LANGUAGE_STANDARD = gnu99;
				GCC_DYNAMIC_NO_PIC = NO;
				GCC_ENABLE_OBJC_EXCEPTIONS = YES;
				GCC_OPTIMIZATION_LEVEL = 0;
				GCC_PREPROCESSOR_DEFINITIONS = (
					"DEBUG=1",
					"$(inherited)",
				);
				GCC_SYMBOLS_PRIVATE_EXTERN = NO;
				GCC_WARN_64_TO_32_BIT_CONVERSION = YES;
				GCC_WARN_ABOUT_RETURN_TYPE = YES;
				GCC_WARN_UNINITIALIZED_AUTOS = YES;
				GCC_WARN_UNUSED_VARIABLE = YES;
				MACOSX_DEPLOYMENT_TARGET = 10.7;
				ONLY_ACTIVE_ARCH = YES;
				SDKROOT = macosx;
			};
			name = Debug;
		};
		D19726C015CA659D003F6BEE /* Release */ = {
			isa = XCBuildConfiguration;
			buildSettings = {
				ALWAYS_SEARCH_USER_PATHS = NO;
				ARCHS = "$(ARCHS_STANDARD_64_BIT)";
				CLANG_CXX_LANGUAGE_STANDARD = "gnu++0x";
				CLANG_ENABLE_OBJC_ARC = YES;
				CLANG_WARN__DUPLICATE_METHOD_MATCH = YES;
				COPY_PHASE_STRIP = YES;
				DEBUG_INFORMATION_FORMAT = "dwarf-with-dsym";
				GCC_C_LANGUAGE_STANDARD = gnu99;
				GCC_ENABLE_OBJC_EXCEPTIONS = YES;
				GCC_WARN_64_TO_32_BIT_CONVERSION = YES;
				GCC_WARN_ABOUT_RETURN_TYPE = YES;
				GCC_WARN_UNINITIALIZED_AUTOS = YES;
				GCC_WARN_UNUSED_VARIABLE = YES;
				MACOSX_DEPLOYMENT_TARGET = 10.7;
				SDKROOT = macosx;
			};
			name = Release;
		};
		D19726C215CA659D003F6BEE /* Debug */ = {
			isa = XCBuildConfiguration;
			buildSettings = {
				ARCHS = "$(ARCHS_STANDARD_32_BIT)";
				EXECUTABLE_PREFIX = lib;
				HEADER_SEARCH_PATHS = "\"$(SRCROOT)\"/**";
				PRODUCT_NAME = "$(TARGET_NAME)";
			};
			name = Debug;
		};
		D19726C315CA659D003F6BEE /* Release */ = {
			isa = XCBuildConfiguration;
			buildSettings = {
				ARCHS = "$(ARCHS_STANDARD_32_BIT)";
				EXECUTABLE_PREFIX = lib;
				HEADER_SEARCH_PATHS = "\"$(SRCROOT)\"/**";
				PRODUCT_NAME = "$(TARGET_NAME)";
			};
			name = Release;
		};
/* End XCBuildConfiguration section */

/* Begin XCConfigurationList section */
		D19726B715CA659D003F6BEE /* Build configuration list for PBXProject "CCN" */ = {
			isa = XCConfigurationList;
			buildConfigurations = (
				D19726BF15CA659D003F6BEE /* Debug */,
				D19726C015CA659D003F6BEE /* Release */,
			);
			defaultConfigurationIsVisible = 0;
			defaultConfigurationName = Release;
		};
		D19726C115CA659D003F6BEE /* Build configuration list for PBXNativeTarget "CCN" */ = {
			isa = XCConfigurationList;
			buildConfigurations = (
				D19726C215CA659D003F6BEE /* Debug */,
				D19726C315CA659D003F6BEE /* Release */,
			);
			defaultConfigurationIsVisible = 0;
			defaultConfigurationName = Release;
		};
/* End XCConfigurationList section */
	};
	rootObject = D19726B415CA659D003F6BEE /* Project object */;
}
